// !$*UTF8*$!
{
	archiveVersion = 1;
	classes = {
	};
	objectVersion = 46;
	objects = {

/* Begin PBXBuildFile section */
		781947B91943B444003B0DF4 /* HTTPRequest.m in Sources */ = {isa = PBXBuildFile; fileRef = 781947B81943B444003B0DF4 /* HTTPRequest.m */; };
		781947BC1943F35A003B0DF4 /* GenerateD3ViewController.m in Sources */ = {isa = PBXBuildFile; fileRef = 781947BB1943F35A003B0DF4 /* GenerateD3ViewController.m */; };
		781FDDD3194350C600D9EC22 /* Foundation.framework in Frameworks */ = {isa = PBXBuildFile; fileRef = 781FDDD2194350C600D9EC22 /* Foundation.framework */; };
		781FDDD5194350C600D9EC22 /* CoreGraphics.framework in Frameworks */ = {isa = PBXBuildFile; fileRef = 781FDDD4194350C600D9EC22 /* CoreGraphics.framework */; };
		781FDDD7194350C600D9EC22 /* UIKit.framework in Frameworks */ = {isa = PBXBuildFile; fileRef = 781FDDD6194350C600D9EC22 /* UIKit.framework */; };
		781FDDDD194350C600D9EC22 /* InfoPlist.strings in Resources */ = {isa = PBXBuildFile; fileRef = 781FDDDB194350C600D9EC22 /* InfoPlist.strings */; };
		781FDDDF194350C600D9EC22 /* main.m in Sources */ = {isa = PBXBuildFile; fileRef = 781FDDDE194350C600D9EC22 /* main.m */; };
		781FDDE3194350C600D9EC22 /* AppDelegate.m in Sources */ = {isa = PBXBuildFile; fileRef = 781FDDE2194350C600D9EC22 /* AppDelegate.m */; };
		781FDDE5194350C600D9EC22 /* Images.xcassets in Resources */ = {isa = PBXBuildFile; fileRef = 781FDDE4194350C600D9EC22 /* Images.xcassets */; };
		781FDDEC194350C600D9EC22 /* XCTest.framework in Frameworks */ = {isa = PBXBuildFile; fileRef = 781FDDEB194350C600D9EC22 /* XCTest.framework */; };
		781FDDED194350C600D9EC22 /* Foundation.framework in Frameworks */ = {isa = PBXBuildFile; fileRef = 781FDDD2194350C600D9EC22 /* Foundation.framework */; };
		781FDDEE194350C600D9EC22 /* UIKit.framework in Frameworks */ = {isa = PBXBuildFile; fileRef = 781FDDD6194350C600D9EC22 /* UIKit.framework */; };
		781FDDF6194350C600D9EC22 /* InfoPlist.strings in Resources */ = {isa = PBXBuildFile; fileRef = 781FDDF4194350C600D9EC22 /* InfoPlist.strings */; };
		781FDDF8194350C600D9EC22 /* ConundrumTests.m in Sources */ = {isa = PBXBuildFile; fileRef = 781FDDF7194350C600D9EC22 /* ConundrumTests.m */; };
		781FDE04194355D200D9EC22 /* AudioToolbox.framework in Frameworks */ = {isa = PBXBuildFile; fileRef = 781FDE03194355D200D9EC22 /* AudioToolbox.framework */; };
		781FDE06194355DC00D9EC22 /* CFNetwork.framework in Frameworks */ = {isa = PBXBuildFile; fileRef = 781FDE05194355DC00D9EC22 /* CFNetwork.framework */; };
		781FDE08194355F200D9EC22 /* CoreLocation.framework in Frameworks */ = {isa = PBXBuildFile; fileRef = 781FDE07194355F200D9EC22 /* CoreLocation.framework */; };
		781FDE0A1943560100D9EC22 /* libz.dylib in Frameworks */ = {isa = PBXBuildFile; fileRef = 781FDE091943560100D9EC22 /* libz.dylib */; };
		781FDE0C1943560C00D9EC22 /* MobileCoreServices.framework in Frameworks */ = {isa = PBXBuildFile; fileRef = 781FDE0B1943560C00D9EC22 /* MobileCoreServices.framework */; };
		781FDE0E1943561800D9EC22 /* QuartzCore.framework in Frameworks */ = {isa = PBXBuildFile; fileRef = 781FDE0D1943561800D9EC22 /* QuartzCore.framework */; };
		781FDE101943562100D9EC22 /* Security.framework in Frameworks */ = {isa = PBXBuildFile; fileRef = 781FDE0F1943562100D9EC22 /* Security.framework */; };
		781FDE121943562E00D9EC22 /* StoreKit.framework in Frameworks */ = {isa = PBXBuildFile; fileRef = 781FDE111943562E00D9EC22 /* StoreKit.framework */; };
		781FDE141943563800D9EC22 /* SystemConfiguration.framework in Frameworks */ = {isa = PBXBuildFile; fileRef = 781FDE131943563800D9EC22 /* SystemConfiguration.framework */; };
		781FDE171943575100D9EC22 /* LoginViewController.m in Sources */ = {isa = PBXBuildFile; fileRef = 781FDE161943575100D9EC22 /* LoginViewController.m */; };
		781FDE1D194358B800D9EC22 /* Conundrum.storyboard in Resources */ = {isa = PBXBuildFile; fileRef = 781FDE1C194358B800D9EC22 /* Conundrum.storyboard */; };
		784EF04C194399EC004802DA /* ASIAuthenticationDialog.m in Sources */ = {isa = PBXBuildFile; fileRef = 784EF039194399EC004802DA /* ASIAuthenticationDialog.m */; settings = {COMPILER_FLAGS = "-fno-objc-arc"; }; };
		784EF04D194399EC004802DA /* ASIDataCompressor.m in Sources */ = {isa = PBXBuildFile; fileRef = 784EF03C194399EC004802DA /* ASIDataCompressor.m */; settings = {COMPILER_FLAGS = "-fno-objc-arc"; }; };
		784EF04E194399EC004802DA /* ASIDataDecompressor.m in Sources */ = {isa = PBXBuildFile; fileRef = 784EF03E194399EC004802DA /* ASIDataDecompressor.m */; settings = {COMPILER_FLAGS = "-fno-objc-arc"; }; };
		784EF04F194399EC004802DA /* ASIDownloadCache.m in Sources */ = {isa = PBXBuildFile; fileRef = 784EF040194399EC004802DA /* ASIDownloadCache.m */; settings = {COMPILER_FLAGS = "-fno-objc-arc"; }; };
		784EF050194399EC004802DA /* ASIFormDataRequest.m in Sources */ = {isa = PBXBuildFile; fileRef = 784EF042194399EC004802DA /* ASIFormDataRequest.m */; settings = {COMPILER_FLAGS = "-fno-objc-arc"; }; };
		784EF051194399EC004802DA /* ASIHTTPRequest.m in Sources */ = {isa = PBXBuildFile; fileRef = 784EF044194399EC004802DA /* ASIHTTPRequest.m */; settings = {COMPILER_FLAGS = "-fno-objc-arc"; }; };
		784EF052194399EC004802DA /* ASIInputStream.m in Sources */ = {isa = PBXBuildFile; fileRef = 784EF048194399EC004802DA /* ASIInputStream.m */; settings = {COMPILER_FLAGS = "-fno-objc-arc"; }; };
		784EF053194399EC004802DA /* ASINetworkQueue.m in Sources */ = {isa = PBXBuildFile; fileRef = 784EF04A194399EC004802DA /* ASINetworkQueue.m */; settings = {COMPILER_FLAGS = "-fno-objc-arc"; }; };
		784EF05619439A00004802DA /* Reachability.m in Sources */ = {isa = PBXBuildFile; fileRef = 784EF05519439A00004802DA /* Reachability.m */; settings = {COMPILER_FLAGS = "-fno-objc-arc"; }; };
		785C0AFD1943FB5100B45F44 /* d3.html in Resources */ = {isa = PBXBuildFile; fileRef = 785C0AFC1943FB5100B45F44 /* d3.html */; };
		787144161944B0D600A6F367 /* amgine.png in Resources */ = {isa = PBXBuildFile; fileRef = 787144111944B0D600A6F367 /* amgine.png */; };
		787144171944B0D600A6F367 /* books.png in Resources */ = {isa = PBXBuildFile; fileRef = 787144121944B0D600A6F367 /* books.png */; };
		787144181944B0D600A6F367 /* card.png in Resources */ = {isa = PBXBuildFile; fileRef = 787144131944B0D600A6F367 /* card.png */; };
		787144191944B0D600A6F367 /* seagreen.jpg in Resources */ = {isa = PBXBuildFile; fileRef = 787144141944B0D600A6F367 /* seagreen.jpg */; };
		7871441A1944B0D600A6F367 /* star.png in Resources */ = {isa = PBXBuildFile; fileRef = 787144151944B0D600A6F367 /* star.png */; };
		7871441D1944CEB700A6F367 /* BookmarkViewController.m in Sources */ = {isa = PBXBuildFile; fileRef = 7871441C1944CEB700A6F367 /* BookmarkViewController.m */; };
		78F92BCC19441B5A002C9DDB /* CoreImage.framework in Frameworks */ = {isa = PBXBuildFile; fileRef = 78F92BCB19441B5A002C9DDB /* CoreImage.framework */; };
		A577DCAAE7BD48D4A4B22A02 /* libPods-Conundrum.a in Frameworks */ = {isa = PBXBuildFile; fileRef = 2DABC339EA2A4509B1F0D260 /* libPods-Conundrum.a */; };
		E721F2551944A4C60089766F /* ImageViewController.m in Sources */ = {isa = PBXBuildFile; fileRef = E721F2541944A4C60089766F /* ImageViewController.m */; };
		E7C6DCEF19444D8000B4C6ED /* TopicViewController.m in Sources */ = {isa = PBXBuildFile; fileRef = E7C6DCEE19444D8000B4C6ED /* TopicViewController.m */; };
		E7C6DCF219444E2400B4C6ED /* TopicDataObject.m in Sources */ = {isa = PBXBuildFile; fileRef = E7C6DCF119444E2400B4C6ED /* TopicDataObject.m */; };
/* End PBXBuildFile section */

/* Begin PBXContainerItemProxy section */
		781FDDEF194350C600D9EC22 /* PBXContainerItemProxy */ = {
			isa = PBXContainerItemProxy;
			containerPortal = 781FDDC7194350C600D9EC22 /* Project object */;
			proxyType = 1;
			remoteGlobalIDString = 781FDDCE194350C600D9EC22;
			remoteInfo = Conundrum;
		};
/* End PBXContainerItemProxy section */

/* Begin PBXFileReference section */
		2DABC339EA2A4509B1F0D260 /* libPods-Conundrum.a */ = {isa = PBXFileReference; explicitFileType = archive.ar; includeInIndex = 0; path = "libPods-Conundrum.a"; sourceTree = BUILT_PRODUCTS_DIR; };
		781947B71943B444003B0DF4 /* HTTPRequest.h */ = {isa = PBXFileReference; fileEncoding = 4; lastKnownFileType = sourcecode.c.h; path = HTTPRequest.h; sourceTree = "<group>"; };
		781947B81943B444003B0DF4 /* HTTPRequest.m */ = {isa = PBXFileReference; fileEncoding = 4; lastKnownFileType = sourcecode.c.objc; path = HTTPRequest.m; sourceTree = "<group>"; };
		781947BA1943F35A003B0DF4 /* GenerateD3ViewController.h */ = {isa = PBXFileReference; fileEncoding = 4; lastKnownFileType = sourcecode.c.h; path = GenerateD3ViewController.h; sourceTree = "<group>"; };
		781947BB1943F35A003B0DF4 /* GenerateD3ViewController.m */ = {isa = PBXFileReference; fileEncoding = 4; lastKnownFileType = sourcecode.c.objc; path = GenerateD3ViewController.m; sourceTree = "<group>"; };
		781FDDCF194350C600D9EC22 /* Conundrum.app */ = {isa = PBXFileReference; explicitFileType = wrapper.application; includeInIndex = 0; path = Conundrum.app; sourceTree = BUILT_PRODUCTS_DIR; };
		781FDDD2194350C600D9EC22 /* Foundation.framework */ = {isa = PBXFileReference; lastKnownFileType = wrapper.framework; name = Foundation.framework; path = System/Library/Frameworks/Foundation.framework; sourceTree = SDKROOT; };
		781FDDD4194350C600D9EC22 /* CoreGraphics.framework */ = {isa = PBXFileReference; lastKnownFileType = wrapper.framework; name = CoreGraphics.framework; path = System/Library/Frameworks/CoreGraphics.framework; sourceTree = SDKROOT; };
		781FDDD6194350C600D9EC22 /* UIKit.framework */ = {isa = PBXFileReference; lastKnownFileType = wrapper.framework; name = UIKit.framework; path = System/Library/Frameworks/UIKit.framework; sourceTree = SDKROOT; };
		781FDDDA194350C600D9EC22 /* Conundrum-Info.plist */ = {isa = PBXFileReference; lastKnownFileType = text.plist.xml; path = "Conundrum-Info.plist"; sourceTree = "<group>"; };
		781FDDDC194350C600D9EC22 /* en */ = {isa = PBXFileReference; lastKnownFileType = text.plist.strings; name = en; path = en.lproj/InfoPlist.strings; sourceTree = "<group>"; };
		781FDDDE194350C600D9EC22 /* main.m */ = {isa = PBXFileReference; lastKnownFileType = sourcecode.c.objc; path = main.m; sourceTree = "<group>"; };
		781FDDE0194350C600D9EC22 /* Conundrum-Prefix.pch */ = {isa = PBXFileReference; lastKnownFileType = sourcecode.c.h; path = "Conundrum-Prefix.pch"; sourceTree = "<group>"; };
		781FDDE1194350C600D9EC22 /* AppDelegate.h */ = {isa = PBXFileReference; lastKnownFileType = sourcecode.c.h; path = AppDelegate.h; sourceTree = "<group>"; };
		781FDDE2194350C600D9EC22 /* AppDelegate.m */ = {isa = PBXFileReference; lastKnownFileType = sourcecode.c.objc; path = AppDelegate.m; sourceTree = "<group>"; };
		781FDDE4194350C600D9EC22 /* Images.xcassets */ = {isa = PBXFileReference; lastKnownFileType = folder.assetcatalog; path = Images.xcassets; sourceTree = "<group>"; };
		781FDDEA194350C600D9EC22 /* ConundrumTests.xctest */ = {isa = PBXFileReference; explicitFileType = wrapper.cfbundle; includeInIndex = 0; path = ConundrumTests.xctest; sourceTree = BUILT_PRODUCTS_DIR; };
		781FDDEB194350C600D9EC22 /* XCTest.framework */ = {isa = PBXFileReference; lastKnownFileType = wrapper.framework; name = XCTest.framework; path = Library/Frameworks/XCTest.framework; sourceTree = DEVELOPER_DIR; };
		781FDDF3194350C600D9EC22 /* ConundrumTests-Info.plist */ = {isa = PBXFileReference; lastKnownFileType = text.plist.xml; path = "ConundrumTests-Info.plist"; sourceTree = "<group>"; };
		781FDDF5194350C600D9EC22 /* en */ = {isa = PBXFileReference; lastKnownFileType = text.plist.strings; name = en; path = en.lproj/InfoPlist.strings; sourceTree = "<group>"; };
		781FDDF7194350C600D9EC22 /* ConundrumTests.m */ = {isa = PBXFileReference; lastKnownFileType = sourcecode.c.objc; path = ConundrumTests.m; sourceTree = "<group>"; };
		781FDE03194355D200D9EC22 /* AudioToolbox.framework */ = {isa = PBXFileReference; lastKnownFileType = wrapper.framework; name = AudioToolbox.framework; path = System/Library/Frameworks/AudioToolbox.framework; sourceTree = SDKROOT; };
		781FDE05194355DC00D9EC22 /* CFNetwork.framework */ = {isa = PBXFileReference; lastKnownFileType = wrapper.framework; name = CFNetwork.framework; path = System/Library/Frameworks/CFNetwork.framework; sourceTree = SDKROOT; };
		781FDE07194355F200D9EC22 /* CoreLocation.framework */ = {isa = PBXFileReference; lastKnownFileType = wrapper.framework; name = CoreLocation.framework; path = System/Library/Frameworks/CoreLocation.framework; sourceTree = SDKROOT; };
		781FDE091943560100D9EC22 /* libz.dylib */ = {isa = PBXFileReference; lastKnownFileType = "compiled.mach-o.dylib"; name = libz.dylib; path = usr/lib/libz.dylib; sourceTree = SDKROOT; };
		781FDE0B1943560C00D9EC22 /* MobileCoreServices.framework */ = {isa = PBXFileReference; lastKnownFileType = wrapper.framework; name = MobileCoreServices.framework; path = System/Library/Frameworks/MobileCoreServices.framework; sourceTree = SDKROOT; };
		781FDE0D1943561800D9EC22 /* QuartzCore.framework */ = {isa = PBXFileReference; lastKnownFileType = wrapper.framework; name = QuartzCore.framework; path = System/Library/Frameworks/QuartzCore.framework; sourceTree = SDKROOT; };
		781FDE0F1943562100D9EC22 /* Security.framework */ = {isa = PBXFileReference; lastKnownFileType = wrapper.framework; name = Security.framework; path = System/Library/Frameworks/Security.framework; sourceTree = SDKROOT; };
		781FDE111943562E00D9EC22 /* StoreKit.framework */ = {isa = PBXFileReference; lastKnownFileType = wrapper.framework; name = StoreKit.framework; path = System/Library/Frameworks/StoreKit.framework; sourceTree = SDKROOT; };
		781FDE131943563800D9EC22 /* SystemConfiguration.framework */ = {isa = PBXFileReference; lastKnownFileType = wrapper.framework; name = SystemConfiguration.framework; path = System/Library/Frameworks/SystemConfiguration.framework; sourceTree = SDKROOT; };
		781FDE151943575100D9EC22 /* LoginViewController.h */ = {isa = PBXFileReference; fileEncoding = 4; lastKnownFileType = sourcecode.c.h; path = LoginViewController.h; sourceTree = "<group>"; };
		781FDE161943575100D9EC22 /* LoginViewController.m */ = {isa = PBXFileReference; fileEncoding = 4; lastKnownFileType = sourcecode.c.objc; path = LoginViewController.m; sourceTree = "<group>"; };
		781FDE1C194358B800D9EC22 /* Conundrum.storyboard */ = {isa = PBXFileReference; fileEncoding = 4; lastKnownFileType = file.storyboard; path = Conundrum.storyboard; sourceTree = "<group>"; };
		784EF038194399EC004802DA /* ASIAuthenticationDialog.h */ = {isa = PBXFileReference; fileEncoding = 4; lastKnownFileType = sourcecode.c.h; path = ASIAuthenticationDialog.h; sourceTree = "<group>"; };
		784EF039194399EC004802DA /* ASIAuthenticationDialog.m */ = {isa = PBXFileReference; fileEncoding = 4; lastKnownFileType = sourcecode.c.objc; path = ASIAuthenticationDialog.m; sourceTree = "<group>"; };
		784EF03A194399EC004802DA /* ASICacheDelegate.h */ = {isa = PBXFileReference; fileEncoding = 4; lastKnownFileType = sourcecode.c.h; path = ASICacheDelegate.h; sourceTree = "<group>"; };
		784EF03B194399EC004802DA /* ASIDataCompressor.h */ = {isa = PBXFileReference; fileEncoding = 4; lastKnownFileType = sourcecode.c.h; path = ASIDataCompressor.h; sourceTree = "<group>"; };
		784EF03C194399EC004802DA /* ASIDataCompressor.m */ = {isa = PBXFileReference; fileEncoding = 4; lastKnownFileType = sourcecode.c.objc; path = ASIDataCompressor.m; sourceTree = "<group>"; };
		784EF03D194399EC004802DA /* ASIDataDecompressor.h */ = {isa = PBXFileReference; fileEncoding = 4; lastKnownFileType = sourcecode.c.h; path = ASIDataDecompressor.h; sourceTree = "<group>"; };
		784EF03E194399EC004802DA /* ASIDataDecompressor.m */ = {isa = PBXFileReference; fileEncoding = 4; lastKnownFileType = sourcecode.c.objc; path = ASIDataDecompressor.m; sourceTree = "<group>"; };
		784EF03F194399EC004802DA /* ASIDownloadCache.h */ = {isa = PBXFileReference; fileEncoding = 4; lastKnownFileType = sourcecode.c.h; path = ASIDownloadCache.h; sourceTree = "<group>"; };
		784EF040194399EC004802DA /* ASIDownloadCache.m */ = {isa = PBXFileReference; fileEncoding = 4; lastKnownFileType = sourcecode.c.objc; path = ASIDownloadCache.m; sourceTree = "<group>"; };
		784EF041194399EC004802DA /* ASIFormDataRequest.h */ = {isa = PBXFileReference; fileEncoding = 4; lastKnownFileType = sourcecode.c.h; path = ASIFormDataRequest.h; sourceTree = "<group>"; };
		784EF042194399EC004802DA /* ASIFormDataRequest.m */ = {isa = PBXFileReference; fileEncoding = 4; lastKnownFileType = sourcecode.c.objc; path = ASIFormDataRequest.m; sourceTree = "<group>"; };
		784EF043194399EC004802DA /* ASIHTTPRequest.h */ = {isa = PBXFileReference; fileEncoding = 4; lastKnownFileType = sourcecode.c.h; path = ASIHTTPRequest.h; sourceTree = "<group>"; };
		784EF044194399EC004802DA /* ASIHTTPRequest.m */ = {isa = PBXFileReference; fileEncoding = 4; lastKnownFileType = sourcecode.c.objc; path = ASIHTTPRequest.m; sourceTree = "<group>"; };
		784EF045194399EC004802DA /* ASIHTTPRequestConfig.h */ = {isa = PBXFileReference; fileEncoding = 4; lastKnownFileType = sourcecode.c.h; path = ASIHTTPRequestConfig.h; sourceTree = "<group>"; };
		784EF046194399EC004802DA /* ASIHTTPRequestDelegate.h */ = {isa = PBXFileReference; fileEncoding = 4; lastKnownFileType = sourcecode.c.h; path = ASIHTTPRequestDelegate.h; sourceTree = "<group>"; };
		784EF047194399EC004802DA /* ASIInputStream.h */ = {isa = PBXFileReference; fileEncoding = 4; lastKnownFileType = sourcecode.c.h; path = ASIInputStream.h; sourceTree = "<group>"; };
		784EF048194399EC004802DA /* ASIInputStream.m */ = {isa = PBXFileReference; fileEncoding = 4; lastKnownFileType = sourcecode.c.objc; path = ASIInputStream.m; sourceTree = "<group>"; };
		784EF049194399EC004802DA /* ASINetworkQueue.h */ = {isa = PBXFileReference; fileEncoding = 4; lastKnownFileType = sourcecode.c.h; path = ASINetworkQueue.h; sourceTree = "<group>"; };
		784EF04A194399EC004802DA /* ASINetworkQueue.m */ = {isa = PBXFileReference; fileEncoding = 4; lastKnownFileType = sourcecode.c.objc; path = ASINetworkQueue.m; sourceTree = "<group>"; };
		784EF04B194399EC004802DA /* ASIProgressDelegate.h */ = {isa = PBXFileReference; fileEncoding = 4; lastKnownFileType = sourcecode.c.h; path = ASIProgressDelegate.h; sourceTree = "<group>"; };
		784EF05419439A00004802DA /* Reachability.h */ = {isa = PBXFileReference; fileEncoding = 4; lastKnownFileType = sourcecode.c.h; path = Reachability.h; sourceTree = "<group>"; };
		784EF05519439A00004802DA /* Reachability.m */ = {isa = PBXFileReference; fileEncoding = 4; lastKnownFileType = sourcecode.c.objc; path = Reachability.m; sourceTree = "<group>"; };
		785C0AFC1943FB5100B45F44 /* d3.html */ = {isa = PBXFileReference; fileEncoding = 4; lastKnownFileType = text.html; path = d3.html; sourceTree = "<group>"; };
		787144111944B0D600A6F367 /* amgine.png */ = {isa = PBXFileReference; lastKnownFileType = image.png; path = amgine.png; sourceTree = "<group>"; };
		787144121944B0D600A6F367 /* books.png */ = {isa = PBXFileReference; lastKnownFileType = image.png; path = books.png; sourceTree = "<group>"; };
		787144131944B0D600A6F367 /* card.png */ = {isa = PBXFileReference; lastKnownFileType = image.png; path = card.png; sourceTree = "<group>"; };
		787144141944B0D600A6F367 /* seagreen.jpg */ = {isa = PBXFileReference; lastKnownFileType = image.jpeg; path = seagreen.jpg; sourceTree = "<group>"; };
		787144151944B0D600A6F367 /* star.png */ = {isa = PBXFileReference; lastKnownFileType = image.png; path = star.png; sourceTree = "<group>"; };
		7871441B1944CEB700A6F367 /* BookmarkViewController.h */ = {isa = PBXFileReference; fileEncoding = 4; lastKnownFileType = sourcecode.c.h; path = BookmarkViewController.h; sourceTree = "<group>"; };
		7871441C1944CEB700A6F367 /* BookmarkViewController.m */ = {isa = PBXFileReference; fileEncoding = 4; lastKnownFileType = sourcecode.c.objc; path = BookmarkViewController.m; sourceTree = "<group>"; };
		78F92BCB19441B5A002C9DDB /* CoreImage.framework */ = {isa = PBXFileReference; lastKnownFileType = wrapper.framework; name = CoreImage.framework; path = System/Library/Frameworks/CoreImage.framework; sourceTree = SDKROOT; };
		A11BC3E149BC4D0E9019DFD4 /* Pods-Conundrum.xcconfig */ = {isa = PBXFileReference; includeInIndex = 1; lastKnownFileType = text.xcconfig; name = "Pods-Conundrum.xcconfig"; path = "Pods/Pods-Conundrum.xcconfig"; sourceTree = "<group>"; };
		E721F2531944A4C60089766F /* ImageViewController.h */ = {isa = PBXFileReference; fileEncoding = 4; lastKnownFileType = sourcecode.c.h; path = ImageViewController.h; sourceTree = "<group>"; };
		E721F2541944A4C60089766F /* ImageViewController.m */ = {isa = PBXFileReference; fileEncoding = 4; lastKnownFileType = sourcecode.c.objc; path = ImageViewController.m; sourceTree = "<group>"; };
		E7C6DCED19444D8000B4C6ED /* TopicViewController.h */ = {isa = PBXFileReference; fileEncoding = 4; lastKnownFileType = sourcecode.c.h; path = TopicViewController.h; sourceTree = "<group>"; };
		E7C6DCEE19444D8000B4C6ED /* TopicViewController.m */ = {isa = PBXFileReference; fileEncoding = 4; lastKnownFileType = sourcecode.c.objc; path = TopicViewController.m; sourceTree = "<group>"; };
		E7C6DCF019444E2400B4C6ED /* TopicDataObject.h */ = {isa = PBXFileReference; fileEncoding = 4; lastKnownFileType = sourcecode.c.h; path = TopicDataObject.h; sourceTree = "<group>"; };
		E7C6DCF119444E2400B4C6ED /* TopicDataObject.m */ = {isa = PBXFileReference; fileEncoding = 4; lastKnownFileType = sourcecode.c.objc; path = TopicDataObject.m; sourceTree = "<group>"; };
/* End PBXFileReference section */

/* Begin PBXFrameworksBuildPhase section */
		781FDDCC194350C600D9EC22 /* Frameworks */ = {
			isa = PBXFrameworksBuildPhase;
			buildActionMask = 2147483647;
			files = (
				781FDE0E1943561800D9EC22 /* QuartzCore.framework in Frameworks */,
				78F92BCC19441B5A002C9DDB /* CoreImage.framework in Frameworks */,
				781FDE0A1943560100D9EC22 /* libz.dylib in Frameworks */,
				781FDDD5194350C600D9EC22 /* CoreGraphics.framework in Frameworks */,
				781FDE0C1943560C00D9EC22 /* MobileCoreServices.framework in Frameworks */,
				781FDE141943563800D9EC22 /* SystemConfiguration.framework in Frameworks */,
				781FDE06194355DC00D9EC22 /* CFNetwork.framework in Frameworks */,
				781FDE121943562E00D9EC22 /* StoreKit.framework in Frameworks */,
				781FDE101943562100D9EC22 /* Security.framework in Frameworks */,
				781FDE08194355F200D9EC22 /* CoreLocation.framework in Frameworks */,
				781FDE04194355D200D9EC22 /* AudioToolbox.framework in Frameworks */,
				781FDDD7194350C600D9EC22 /* UIKit.framework in Frameworks */,
				781FDDD3194350C600D9EC22 /* Foundation.framework in Frameworks */,
				A577DCAAE7BD48D4A4B22A02 /* libPods-Conundrum.a in Frameworks */,
			);
			runOnlyForDeploymentPostprocessing = 0;
		};
		781FDDE7194350C600D9EC22 /* Frameworks */ = {
			isa = PBXFrameworksBuildPhase;
			buildActionMask = 2147483647;
			files = (
				781FDDEC194350C600D9EC22 /* XCTest.framework in Frameworks */,
				781FDDEE194350C600D9EC22 /* UIKit.framework in Frameworks */,
				781FDDED194350C600D9EC22 /* Foundation.framework in Frameworks */,
			);
			runOnlyForDeploymentPostprocessing = 0;
		};
/* End PBXFrameworksBuildPhase section */

/* Begin PBXGroup section */
		781FDDC6194350C600D9EC22 = {
			isa = PBXGroup;
			children = (
				781FDDD8194350C600D9EC22 /* Conundrum */,
				781FDDF1194350C600D9EC22 /* ConundrumTests */,
				781FDDD1194350C600D9EC22 /* Frameworks */,
				781FDDD0194350C600D9EC22 /* Products */,
				A11BC3E149BC4D0E9019DFD4 /* Pods-Conundrum.xcconfig */,
			);
			sourceTree = "<group>";
		};
		781FDDD0194350C600D9EC22 /* Products */ = {
			isa = PBXGroup;
			children = (
				781FDDCF194350C600D9EC22 /* Conundrum.app */,
				781FDDEA194350C600D9EC22 /* ConundrumTests.xctest */,
			);
			name = Products;
			sourceTree = "<group>";
		};
		781FDDD1194350C600D9EC22 /* Frameworks */ = {
			isa = PBXGroup;
			children = (
				78F92BCB19441B5A002C9DDB /* CoreImage.framework */,
				781FDE131943563800D9EC22 /* SystemConfiguration.framework */,
				781FDE111943562E00D9EC22 /* StoreKit.framework */,
				781FDE0F1943562100D9EC22 /* Security.framework */,
				781FDE0D1943561800D9EC22 /* QuartzCore.framework */,
				781FDE0B1943560C00D9EC22 /* MobileCoreServices.framework */,
				781FDE091943560100D9EC22 /* libz.dylib */,
				781FDE07194355F200D9EC22 /* CoreLocation.framework */,
				781FDE05194355DC00D9EC22 /* CFNetwork.framework */,
				781FDE03194355D200D9EC22 /* AudioToolbox.framework */,
				781FDDD2194350C600D9EC22 /* Foundation.framework */,
				781FDDD4194350C600D9EC22 /* CoreGraphics.framework */,
				781FDDD6194350C600D9EC22 /* UIKit.framework */,
				781FDDEB194350C600D9EC22 /* XCTest.framework */,
				2DABC339EA2A4509B1F0D260 /* libPods-Conundrum.a */,
			);
			name = Frameworks;
			sourceTree = "<group>";
		};
		781FDDD8194350C600D9EC22 /* Conundrum */ = {
			isa = PBXGroup;
			children = (
				787144111944B0D600A6F367 /* amgine.png */,
				787144121944B0D600A6F367 /* books.png */,
				787144131944B0D600A6F367 /* card.png */,
				787144141944B0D600A6F367 /* seagreen.jpg */,
				787144151944B0D600A6F367 /* star.png */,
				785C0AFC1943FB5100B45F44 /* d3.html */,
				781947B71943B444003B0DF4 /* HTTPRequest.h */,
				781947B81943B444003B0DF4 /* HTTPRequest.m */,
				781FDDE1194350C600D9EC22 /* AppDelegate.h */,
				781FDDE2194350C600D9EC22 /* AppDelegate.m */,
				781FDE151943575100D9EC22 /* LoginViewController.h */,
				781FDE161943575100D9EC22 /* LoginViewController.m */,
				781FDDE4194350C600D9EC22 /* Images.xcassets */,
				781FDDD9194350C600D9EC22 /* Supporting Files */,
				781FDE1C194358B800D9EC22 /* Conundrum.storyboard */,
				7871441B1944CEB700A6F367 /* BookmarkViewController.h */,
				7871441C1944CEB700A6F367 /* BookmarkViewController.m */,
				E721F2531944A4C60089766F /* ImageViewController.h */,
				E721F2541944A4C60089766F /* ImageViewController.m */,
				781947BA1943F35A003B0DF4 /* GenerateD3ViewController.h */,
				781947BB1943F35A003B0DF4 /* GenerateD3ViewController.m */,
			);
			path = Conundrum;
			sourceTree = "<group>";
		};
		781FDDD9194350C600D9EC22 /* Supporting Files */ = {
			isa = PBXGroup;
			children = (
				784EF05419439A00004802DA /* Reachability.h */,
				784EF05519439A00004802DA /* Reachability.m */,
				784EF038194399EC004802DA /* ASIAuthenticationDialog.h */,
				784EF039194399EC004802DA /* ASIAuthenticationDialog.m */,
				784EF03A194399EC004802DA /* ASICacheDelegate.h */,
				784EF03B194399EC004802DA /* ASIDataCompressor.h */,
				784EF03C194399EC004802DA /* ASIDataCompressor.m */,
				784EF03D194399EC004802DA /* ASIDataDecompressor.h */,
				784EF03E194399EC004802DA /* ASIDataDecompressor.m */,
				784EF03F194399EC004802DA /* ASIDownloadCache.h */,
				784EF040194399EC004802DA /* ASIDownloadCache.m */,
				784EF041194399EC004802DA /* ASIFormDataRequest.h */,
				784EF042194399EC004802DA /* ASIFormDataRequest.m */,
				784EF043194399EC004802DA /* ASIHTTPRequest.h */,
				784EF044194399EC004802DA /* ASIHTTPRequest.m */,
				784EF045194399EC004802DA /* ASIHTTPRequestConfig.h */,
				784EF046194399EC004802DA /* ASIHTTPRequestDelegate.h */,
				784EF047194399EC004802DA /* ASIInputStream.h */,
				784EF048194399EC004802DA /* ASIInputStream.m */,
				784EF049194399EC004802DA /* ASINetworkQueue.h */,
				784EF04A194399EC004802DA /* ASINetworkQueue.m */,
				784EF04B194399EC004802DA /* ASIProgressDelegate.h */,
				781FDDDA194350C600D9EC22 /* Conundrum-Info.plist */,
				781FDDDB194350C600D9EC22 /* InfoPlist.strings */,
				781FDDDE194350C600D9EC22 /* main.m */,
				781FDDE0194350C600D9EC22 /* Conundrum-Prefix.pch */,
				E7C6DCED19444D8000B4C6ED /* TopicViewController.h */,
				E7C6DCEE19444D8000B4C6ED /* TopicViewController.m */,
				E7C6DCF019444E2400B4C6ED /* TopicDataObject.h */,
				E7C6DCF119444E2400B4C6ED /* TopicDataObject.m */,
			);
			name = "Supporting Files";
			sourceTree = "<group>";
		};
		781FDDF1194350C600D9EC22 /* ConundrumTests */ = {
			isa = PBXGroup;
			children = (
				781FDDF7194350C600D9EC22 /* ConundrumTests.m */,
				781FDDF2194350C600D9EC22 /* Supporting Files */,
			);
			path = ConundrumTests;
			sourceTree = "<group>";
		};
		781FDDF2194350C600D9EC22 /* Supporting Files */ = {
			isa = PBXGroup;
			children = (
				781FDDF3194350C600D9EC22 /* ConundrumTests-Info.plist */,
				781FDDF4194350C600D9EC22 /* InfoPlist.strings */,
			);
			name = "Supporting Files";
			sourceTree = "<group>";
		};
/* End PBXGroup section */

/* Begin PBXNativeTarget section */
		781FDDCE194350C600D9EC22 /* Conundrum */ = {
			isa = PBXNativeTarget;
			buildConfigurationList = 781FDDFB194350C600D9EC22 /* Build configuration list for PBXNativeTarget "Conundrum" */;
			buildPhases = (
				07535FB362E84A40B5600936 /* Check Pods Manifest.lock */,
				781FDDCB194350C600D9EC22 /* Sources */,
				781FDDCC194350C600D9EC22 /* Frameworks */,
				781FDDCD194350C600D9EC22 /* Resources */,
				1815C23B88BE478CA1AAD73D /* Copy Pods Resources */,
			);
			buildRules = (
			);
			dependencies = (
			);
			name = Conundrum;
			productName = Conundrum;
			productReference = 781FDDCF194350C600D9EC22 /* Conundrum.app */;
			productType = "com.apple.product-type.application";
		};
		781FDDE9194350C600D9EC22 /* ConundrumTests */ = {
			isa = PBXNativeTarget;
			buildConfigurationList = 781FDDFE194350C600D9EC22 /* Build configuration list for PBXNativeTarget "ConundrumTests" */;
			buildPhases = (
				781FDDE6194350C600D9EC22 /* Sources */,
				781FDDE7194350C600D9EC22 /* Frameworks */,
				781FDDE8194350C600D9EC22 /* Resources */,
			);
			buildRules = (
			);
			dependencies = (
				781FDDF0194350C600D9EC22 /* PBXTargetDependency */,
			);
			name = ConundrumTests;
			productName = ConundrumTests;
			productReference = 781FDDEA194350C600D9EC22 /* ConundrumTests.xctest */;
			productType = "com.apple.product-type.bundle.unit-test";
		};
/* End PBXNativeTarget section */

/* Begin PBXProject section */
		781FDDC7194350C600D9EC22 /* Project object */ = {
			isa = PBXProject;
			attributes = {
				LastUpgradeCheck = 0510;
				ORGANIZATIONNAME = BUILDS;
				TargetAttributes = {
					781FDDE9194350C600D9EC22 = {
						TestTargetID = 781FDDCE194350C600D9EC22;
					};
				};
			};
			buildConfigurationList = 781FDDCA194350C600D9EC22 /* Build configuration list for PBXProject "Conundrum" */;
			compatibilityVersion = "Xcode 3.2";
			developmentRegion = English;
			hasScannedForEncodings = 0;
			knownRegions = (
				en,
			);
			mainGroup = 781FDDC6194350C600D9EC22;
			productRefGroup = 781FDDD0194350C600D9EC22 /* Products */;
			projectDirPath = "";
			projectRoot = "";
			targets = (
				781FDDCE194350C600D9EC22 /* Conundrum */,
				781FDDE9194350C600D9EC22 /* ConundrumTests */,
			);
		};
/* End PBXProject section */

/* Begin PBXResourcesBuildPhase section */
		781FDDCD194350C600D9EC22 /* Resources */ = {
			isa = PBXResourcesBuildPhase;
			buildActionMask = 2147483647;
			files = (
				781FDDDD194350C600D9EC22 /* InfoPlist.strings in Resources */,
				785C0AFD1943FB5100B45F44 /* d3.html in Resources */,
				7871441A1944B0D600A6F367 /* star.png in Resources */,
				787144171944B0D600A6F367 /* books.png in Resources */,
				781FDDE5194350C600D9EC22 /* Images.xcassets in Resources */,
				787144161944B0D600A6F367 /* amgine.png in Resources */,
				787144191944B0D600A6F367 /* seagreen.jpg in Resources */,
				781FDE1D194358B800D9EC22 /* Conundrum.storyboard in Resources */,
				787144181944B0D600A6F367 /* card.png in Resources */,
			);
			runOnlyForDeploymentPostprocessing = 0;
		};
		781FDDE8194350C600D9EC22 /* Resources */ = {
			isa = PBXResourcesBuildPhase;
			buildActionMask = 2147483647;
			files = (
				781FDDF6194350C600D9EC22 /* InfoPlist.strings in Resources */,
			);
			runOnlyForDeploymentPostprocessing = 0;
		};
/* End PBXResourcesBuildPhase section */

/* Begin PBXShellScriptBuildPhase section */
		07535FB362E84A40B5600936 /* Check Pods Manifest.lock */ = {
			isa = PBXShellScriptBuildPhase;
			buildActionMask = 2147483647;
			files = (
			);
			inputPaths = (
			);
			name = "Check Pods Manifest.lock";
			outputPaths = (
			);
			runOnlyForDeploymentPostprocessing = 0;
			shellPath = /bin/sh;
			shellScript = "diff \"${PODS_ROOT}/../Podfile.lock\" \"${PODS_ROOT}/Manifest.lock\" > /dev/null\nif [[ $? != 0 ]] ; then\n    cat << EOM\nerror: The sandbox is not in sync with the Podfile.lock. Run 'pod install' or update your CocoaPods installation.\nEOM\n    exit 1\nfi\n";
			showEnvVarsInLog = 0;
		};
		1815C23B88BE478CA1AAD73D /* Copy Pods Resources */ = {
			isa = PBXShellScriptBuildPhase;
			buildActionMask = 2147483647;
			files = (
			);
			inputPaths = (
			);
			name = "Copy Pods Resources";
			outputPaths = (
			);
			runOnlyForDeploymentPostprocessing = 0;
			shellPath = /bin/sh;
			shellScript = "\"${SRCROOT}/Pods/Pods-Conundrum-resources.sh\"\n";
			showEnvVarsInLog = 0;
		};
/* End PBXShellScriptBuildPhase section */

/* Begin PBXSourcesBuildPhase section */
		781FDDCB194350C600D9EC22 /* Sources */ = {
			isa = PBXSourcesBuildPhase;
			buildActionMask = 2147483647;
			files = (
				784EF04D194399EC004802DA /* ASIDataCompressor.m in Sources */,
				781FDDE3194350C600D9EC22 /* AppDelegate.m in Sources */,
				784EF051194399EC004802DA /* ASIHTTPRequest.m in Sources */,
				784EF04C194399EC004802DA /* ASIAuthenticationDialog.m in Sources */,
				784EF050194399EC004802DA /* ASIFormDataRequest.m in Sources */,
				781FDDDF194350C600D9EC22 /* main.m in Sources */,
				784EF052194399EC004802DA /* ASIInputStream.m in Sources */,
				781FDE171943575100D9EC22 /* LoginViewController.m in Sources */,
				7871441D1944CEB700A6F367 /* BookmarkViewController.m in Sources */,
				E7C6DCEF19444D8000B4C6ED /* TopicViewController.m in Sources */,
				781947B91943B444003B0DF4 /* HTTPRequest.m in Sources */,
				E721F2551944A4C60089766F /* ImageViewController.m in Sources */,
				784EF053194399EC004802DA /* ASINetworkQueue.m in Sources */,
				781947BC1943F35A003B0DF4 /* GenerateD3ViewController.m in Sources */,
				E7C6DCF219444E2400B4C6ED /* TopicDataObject.m in Sources */,
				784EF04E194399EC004802DA /* ASIDataDecompressor.m in Sources */,
				784EF05619439A00004802DA /* Reachability.m in Sources */,
				784EF04F194399EC004802DA /* ASIDownloadCache.m in Sources */,
			);
			runOnlyForDeploymentPostprocessing = 0;
		};
		781FDDE6194350C600D9EC22 /* Sources */ = {
			isa = PBXSourcesBuildPhase;
			buildActionMask = 2147483647;
			files = (
				781FDDF8194350C600D9EC22 /* ConundrumTests.m in Sources */,
			);
			runOnlyForDeploymentPostprocessing = 0;
		};
/* End PBXSourcesBuildPhase section */

/* Begin PBXTargetDependency section */
		781FDDF0194350C600D9EC22 /* PBXTargetDependency */ = {
			isa = PBXTargetDependency;
			target = 781FDDCE194350C600D9EC22 /* Conundrum */;
			targetProxy = 781FDDEF194350C600D9EC22 /* PBXContainerItemProxy */;
		};
/* End PBXTargetDependency section */

/* Begin PBXVariantGroup section */
		781FDDDB194350C600D9EC22 /* InfoPlist.strings */ = {
			isa = PBXVariantGroup;
			children = (
				781FDDDC194350C600D9EC22 /* en */,
			);
			name = InfoPlist.strings;
			sourceTree = "<group>";
		};
		781FDDF4194350C600D9EC22 /* InfoPlist.strings */ = {
			isa = PBXVariantGroup;
			children = (
				781FDDF5194350C600D9EC22 /* en */,
			);
			name = InfoPlist.strings;
			sourceTree = "<group>";
		};
/* End PBXVariantGroup section */

/* Begin XCBuildConfiguration section */
		781FDDF9194350C600D9EC22 /* Debug */ = {
			isa = XCBuildConfiguration;
			buildSettings = {
				ALWAYS_SEARCH_USER_PATHS = NO;
				CLANG_CXX_LANGUAGE_STANDARD = "gnu++0x";
				CLANG_CXX_LIBRARY = "libc++";
				CLANG_ENABLE_MODULES = YES;
				CLANG_ENABLE_OBJC_ARC = YES;
				CLANG_WARN_BOOL_CONVERSION = YES;
				CLANG_WARN_CONSTANT_CONVERSION = YES;
				CLANG_WARN_DIRECT_OBJC_ISA_USAGE = YES_ERROR;
				CLANG_WARN_EMPTY_BODY = YES;
				CLANG_WARN_ENUM_CONVERSION = YES;
				CLANG_WARN_INT_CONVERSION = YES;
				CLANG_WARN_OBJC_ROOT_CLASS = YES_ERROR;
				CLANG_WARN__DUPLICATE_METHOD_MATCH = YES;
				"CODE_SIGN_IDENTITY[sdk=iphoneos*]" = "iPhone Developer";
				COPY_PHASE_STRIP = NO;
				GCC_C_LANGUAGE_STANDARD = gnu99;
				GCC_DYNAMIC_NO_PIC = NO;
				GCC_OPTIMIZATION_LEVEL = 0;
				GCC_PREPROCESSOR_DEFINITIONS = (
					"DEBUG=1",
					"$(inherited)",
				);
				GCC_SYMBOLS_PRIVATE_EXTERN = NO;
				GCC_WARN_64_TO_32_BIT_CONVERSION = YES;
				GCC_WARN_ABOUT_RETURN_TYPE = YES_ERROR;
				GCC_WARN_UNDECLARED_SELECTOR = YES;
				GCC_WARN_UNINITIALIZED_AUTOS = YES_AGGRESSIVE;
				GCC_WARN_UNUSED_FUNCTION = YES;
				GCC_WARN_UNUSED_VARIABLE = YES;
				IPHONEOS_DEPLOYMENT_TARGET = 7.1;
				ONLY_ACTIVE_ARCH = YES;
				SDKROOT = iphoneos;
				TARGETED_DEVICE_FAMILY = "1,2";
			};
			name = Debug;
		};
		781FDDFA194350C600D9EC22 /* Release */ = {
			isa = XCBuildConfiguration;
			buildSettings = {
				ALWAYS_SEARCH_USER_PATHS = NO;
				CLANG_CXX_LANGUAGE_STANDARD = "gnu++0x";
				CLANG_CXX_LIBRARY = "libc++";
				CLANG_ENABLE_MODULES = YES;
				CLANG_ENABLE_OBJC_ARC = YES;
				CLANG_WARN_BOOL_CONVERSION = YES;
				CLANG_WARN_CONSTANT_CONVERSION = YES;
				CLANG_WARN_DIRECT_OBJC_ISA_USAGE = YES_ERROR;
				CLANG_WARN_EMPTY_BODY = YES;
				CLANG_WARN_ENUM_CONVERSION = YES;
				CLANG_WARN_INT_CONVERSION = YES;
				CLANG_WARN_OBJC_ROOT_CLASS = YES_ERROR;
				CLANG_WARN__DUPLICATE_METHOD_MATCH = YES;
				"CODE_SIGN_IDENTITY[sdk=iphoneos*]" = "iPhone Developer";
				COPY_PHASE_STRIP = YES;
				ENABLE_NS_ASSERTIONS = NO;
				GCC_C_LANGUAGE_STANDARD = gnu99;
				GCC_WARN_64_TO_32_BIT_CONVERSION = YES;
				GCC_WARN_ABOUT_RETURN_TYPE = YES_ERROR;
				GCC_WARN_UNDECLARED_SELECTOR = YES;
				GCC_WARN_UNINITIALIZED_AUTOS = YES_AGGRESSIVE;
				GCC_WARN_UNUSED_FUNCTION = YES;
				GCC_WARN_UNUSED_VARIABLE = YES;
				IPHONEOS_DEPLOYMENT_TARGET = 7.1;
				SDKROOT = iphoneos;
				TARGETED_DEVICE_FAMILY = "1,2";
				VALIDATE_PRODUCT = YES;
			};
			name = Release;
		};
		781FDDFC194350C600D9EC22 /* Debug */ = {
			isa = XCBuildConfiguration;
			baseConfigurationReference = A11BC3E149BC4D0E9019DFD4 /* Pods-Conundrum.xcconfig */;
			buildSettings = {
				ASSETCATALOG_COMPILER_APPICON_NAME = AppIcon;
				ASSETCATALOG_COMPILER_LAUNCHIMAGE_NAME = LaunchImage;
				FRAMEWORK_SEARCH_PATHS = (
					"$(inherited)",
					"$(PROJECT_DIR)",
				);
				GCC_PRECOMPILE_PREFIX_HEADER = YES;
				GCC_PREFIX_HEADER = "Conundrum/Conundrum-Prefix.pch";
				INFOPLIST_FILE = "Conundrum/Conundrum-Info.plist";
				PRODUCT_NAME = "$(TARGET_NAME)";
				TARGETED_DEVICE_FAMILY = 1;
				WRAPPER_EXTENSION = app;
			};
			name = Debug;
		};
		781FDDFD194350C600D9EC22 /* Release */ = {
			isa = XCBuildConfiguration;
			baseConfigurationReference = A11BC3E149BC4D0E9019DFD4 /* Pods-Conundrum.xcconfig */;
			buildSettings = {
				ASSETCATALOG_COMPILER_APPICON_NAME = AppIcon;
				ASSETCATALOG_COMPILER_LAUNCHIMAGE_NAME = LaunchImage;
				FRAMEWORK_SEARCH_PATHS = (
					"$(inherited)",
					"$(PROJECT_DIR)",
				);
				GCC_PRECOMPILE_PREFIX_HEADER = YES;
				GCC_PREFIX_HEADER = "Conundrum/Conundrum-Prefix.pch";
				INFOPLIST_FILE = "Conundrum/Conundrum-Info.plist";
				PRODUCT_NAME = "$(TARGET_NAME)";
				TARGETED_DEVICE_FAMILY = 1;
				WRAPPER_EXTENSION = app;
			};
			name = Release;
		};
		781FDDFF194350C600D9EC22 /* Debug */ = {
			isa = XCBuildConfiguration;
			buildSettings = {
				BUNDLE_LOADER = "$(BUILT_PRODUCTS_DIR)/Conundrum.app/Conundrum";
				FRAMEWORK_SEARCH_PATHS = (
					"$(SDKROOT)/Developer/Library/Frameworks",
					"$(inherited)",
					"$(DEVELOPER_FRAMEWORKS_DIR)",
				);
				GCC_PRECOMPILE_PREFIX_HEADER = YES;
				GCC_PREFIX_HEADER = "Conundrum/Conundrum-Prefix.pch";
				GCC_PREPROCESSOR_DEFINITIONS = (
					"DEBUG=1",
					"$(inherited)",
				);
				INFOPLIST_FILE = "ConundrumTests/ConundrumTests-Info.plist";
				PRODUCT_NAME = "$(TARGET_NAME)";
				TEST_HOST = "$(BUNDLE_LOADER)";
				WRAPPER_EXTENSION = xctest;
			};
			name = Debug;
		};
		781FDE00194350C600D9EC22 /* Release */ = {
			isa = XCBuildConfiguration;
			buildSettings = {
				BUNDLE_LOADER = "$(BUILT_PRODUCTS_DIR)/Conundrum.app/Conundrum";
				FRAMEWORK_SEARCH_PATHS = (
					"$(SDKROOT)/Developer/Library/Frameworks",
					"$(inherited)",
					"$(DEVELOPER_FRAMEWORKS_DIR)",
				);
				GCC_PRECOMPILE_PREFIX_HEADER = YES;
				GCC_PREFIX_HEADER = "Conundrum/Conundrum-Prefix.pch";
				INFOPLIST_FILE = "ConundrumTests/ConundrumTests-Info.plist";
				PRODUCT_NAME = "$(TARGET_NAME)";
				TEST_HOST = "$(BUNDLE_LOADER)";
				WRAPPER_EXTENSION = xctest;
			};
			name = Release;
		};
/* End XCBuildConfiguration section */

/* Begin XCConfigurationList section */
		781FDDCA194350C600D9EC22 /* Build configuration list for PBXProject "Conundrum" */ = {
			isa = XCConfigurationList;
			buildConfigurations = (
				781FDDF9194350C600D9EC22 /* Debug */,
				781FDDFA194350C600D9EC22 /* Release */,
			);
			defaultConfigurationIsVisible = 0;
			defaultConfigurationName = Release;
		};
		781FDDFB194350C600D9EC22 /* Build configuration list for PBXNativeTarget "Conundrum" */ = {
			isa = XCConfigurationList;
			buildConfigurations = (
				781FDDFC194350C600D9EC22 /* Debug */,
				781FDDFD194350C600D9EC22 /* Release */,
			);
			defaultConfigurationIsVisible = 0;
			defaultConfigurationName = Release;
		};
		781FDDFE194350C600D9EC22 /* Build configuration list for PBXNativeTarget "ConundrumTests" */ = {
			isa = XCConfigurationList;
			buildConfigurations = (
				781FDDFF194350C600D9EC22 /* Debug */,
				781FDE00194350C600D9EC22 /* Release */,
			);
			defaultConfigurationIsVisible = 0;
			defaultConfigurationName = Release;
		};
/* End XCConfigurationList section */
	};
	rootObject = 781FDDC7194350C600D9EC22 /* Project object */;
}
