// !$*UTF8*$!
{
	archiveVersion = 1;
	classes = {
	};
	objectVersion = 46;
	objects = {

/* Begin PBXBuildFile section */
		781FDDD3194350C600D9EC22 /* Foundation.framework in Frameworks */ = {isa = PBXBuildFile; fileRef = 781FDDD2194350C600D9EC22 /* Foundation.framework */; };
		781FDDD5194350C600D9EC22 /* CoreGraphics.framework in Frameworks */ = {isa = PBXBuildFile; fileRef = 781FDDD4194350C600D9EC22 /* CoreGraphics.framework */; };
		781FDDD7194350C600D9EC22 /* UIKit.framework in Frameworks */ = {isa = PBXBuildFile; fileRef = 781FDDD6194350C600D9EC22 /* UIKit.framework */; };
		781FDDDD194350C600D9EC22 /* InfoPlist.strings in Resources */ = {isa = PBXBuildFile; fileRef = 781FDDDB194350C600D9EC22 /* InfoPlist.strings */; };
		781FDDDF194350C600D9EC22 /* main.m in Sources */ = {isa = PBXBuildFile; fileRef = 781FDDDE194350C600D9EC22 /* main.m */; };
		781FDDE3194350C600D9EC22 /* AppDelegate.m in Sources */ = {isa = PBXBuildFile; fileRef = 781FDDE2194350C600D9EC22 /* AppDelegate.m */; };
		781FDDE5194350C600D9EC22 /* Images.xcassets in Resources */ = {isa = PBXBuildFile; fileRef = 781FDDE4194350C600D9EC22 /* Images.xcassets */; };
		781FDDEC194350C600D9EC22 /* XCTest.framework in Frameworks */ = {isa = PBXBuildFile; fileRef = 781FDDEB194350C600D9EC22 /* XCTest.framework */; };
		781FDDED194350C600D9EC22 /* Foundation.framework in Frameworks */ = {isa = PBXBuildFile; fileRef = 781FDDD2194350C600D9EC22 /* Foundation.framework */; };
		781FDDEE194350C600D9EC22 /* UIKit.framework in Frameworks */ = {isa = PBXBuildFile; fileRef = 781FDDD6194350C600D9EC22 /* UIKit.framework */; };
		781FDDF6194350C600D9EC22 /* InfoPlist.strings in Resources */ = {isa = PBXBuildFile; fileRef = 781FDDF4194350C600D9EC22 /* InfoPlist.strings */; };
		781FDDF8194350C600D9EC22 /* ConundrumTests.m in Sources */ = {isa = PBXBuildFile; fileRef = 781FDDF7194350C600D9EC22 /* ConundrumTests.m */; };
		781FDE02194355B200D9EC22 /* Parse.framework in Frameworks */ = {isa = PBXBuildFile; fileRef = 781FDE01194355B200D9EC22 /* Parse.framework */; };
		781FDE04194355D200D9EC22 /* AudioToolbox.framework in Frameworks */ = {isa = PBXBuildFile; fileRef = 781FDE03194355D200D9EC22 /* AudioToolbox.framework */; };
		781FDE06194355DC00D9EC22 /* CFNetwork.framework in Frameworks */ = {isa = PBXBuildFile; fileRef = 781FDE05194355DC00D9EC22 /* CFNetwork.framework */; };
		781FDE08194355F200D9EC22 /* CoreLocation.framework in Frameworks */ = {isa = PBXBuildFile; fileRef = 781FDE07194355F200D9EC22 /* CoreLocation.framework */; };
		781FDE0A1943560100D9EC22 /* libz.dylib in Frameworks */ = {isa = PBXBuildFile; fileRef = 781FDE091943560100D9EC22 /* libz.dylib */; };
		781FDE0C1943560C00D9EC22 /* MobileCoreServices.framework in Frameworks */ = {isa = PBXBuildFile; fileRef = 781FDE0B1943560C00D9EC22 /* MobileCoreServices.framework */; };
		781FDE0E1943561800D9EC22 /* QuartzCore.framework in Frameworks */ = {isa = PBXBuildFile; fileRef = 781FDE0D1943561800D9EC22 /* QuartzCore.framework */; };
		781FDE101943562100D9EC22 /* Security.framework in Frameworks */ = {isa = PBXBuildFile; fileRef = 781FDE0F1943562100D9EC22 /* Security.framework */; };
		781FDE121943562E00D9EC22 /* StoreKit.framework in Frameworks */ = {isa = PBXBuildFile; fileRef = 781FDE111943562E00D9EC22 /* StoreKit.framework */; };
		781FDE141943563800D9EC22 /* SystemConfiguration.framework in Frameworks */ = {isa = PBXBuildFile; fileRef = 781FDE131943563800D9EC22 /* SystemConfiguration.framework */; };
		781FDE171943575100D9EC22 /* LoginViewController.m in Sources */ = {isa = PBXBuildFile; fileRef = 781FDE161943575100D9EC22 /* LoginViewController.m */; };
		781FDE1D194358B800D9EC22 /* Conundrum.storyboard in Resources */ = {isa = PBXBuildFile; fileRef = 781FDE1C194358B800D9EC22 /* Conundrum.storyboard */; };
		784EF00619439573004802DA /* fetch_ios_ghunit.rb in Resources */ = {isa = PBXBuildFile; fileRef = 784EEFAA19439573004802DA /* fetch_ios_ghunit.rb */; };
		784EF00719439573004802DA /* fetch_mac_ghunit.rb in Resources */ = {isa = PBXBuildFile; fileRef = 784EEFAB19439573004802DA /* fetch_mac_ghunit.rb */; };
		784EF00819439573004802DA /* set_version_number.rb in Resources */ = {isa = PBXBuildFile; fileRef = 784EEFAC19439573004802DA /* set_version_number.rb */; };
		784EF00919439573004802DA /* ASIAuthenticationDialog.m in Sources */ = {isa = PBXBuildFile; fileRef = 784EEFAF19439573004802DA /* ASIAuthenticationDialog.m */; };
		784EF00A19439573004802DA /* ASIDataCompressor.m in Sources */ = {isa = PBXBuildFile; fileRef = 784EEFB219439573004802DA /* ASIDataCompressor.m */; };
		784EF00B19439573004802DA /* ASIDataDecompressor.m in Sources */ = {isa = PBXBuildFile; fileRef = 784EEFB419439573004802DA /* ASIDataDecompressor.m */; };
		784EF00C19439573004802DA /* ASIDownloadCache.m in Sources */ = {isa = PBXBuildFile; fileRef = 784EEFB619439573004802DA /* ASIDownloadCache.m */; };
		784EF00D19439573004802DA /* ASIFormDataRequest.m in Sources */ = {isa = PBXBuildFile; fileRef = 784EEFB819439573004802DA /* ASIFormDataRequest.m */; };
		784EF00E19439573004802DA /* ASIHTTPRequest.m in Sources */ = {isa = PBXBuildFile; fileRef = 784EEFBA19439573004802DA /* ASIHTTPRequest.m */; };
		784EF00F19439573004802DA /* ASIInputStream.m in Sources */ = {isa = PBXBuildFile; fileRef = 784EEFBE19439573004802DA /* ASIInputStream.m */; };
		784EF01019439573004802DA /* ASINetworkQueue.m in Sources */ = {isa = PBXBuildFile; fileRef = 784EEFC019439573004802DA /* ASINetworkQueue.m */; };
		784EF01119439573004802DA /* ASIWebPageRequest.m in Sources */ = {isa = PBXBuildFile; fileRef = 784EEFC419439573004802DA /* ASIWebPageRequest.m */; };
		784EF01219439573004802DA /* ASICloudFilesCDNRequest.m in Sources */ = {isa = PBXBuildFile; fileRef = 784EEFC719439573004802DA /* ASICloudFilesCDNRequest.m */; };
		784EF01319439573004802DA /* ASICloudFilesContainer.m in Sources */ = {isa = PBXBuildFile; fileRef = 784EEFC919439573004802DA /* ASICloudFilesContainer.m */; };
		784EF01419439573004802DA /* ASICloudFilesContainerRequest.m in Sources */ = {isa = PBXBuildFile; fileRef = 784EEFCB19439573004802DA /* ASICloudFilesContainerRequest.m */; };
		784EF01519439573004802DA /* ASICloudFilesContainerXMLParserDelegate.m in Sources */ = {isa = PBXBuildFile; fileRef = 784EEFCD19439573004802DA /* ASICloudFilesContainerXMLParserDelegate.m */; };
		784EF01619439573004802DA /* ASICloudFilesObject.m in Sources */ = {isa = PBXBuildFile; fileRef = 784EEFCF19439573004802DA /* ASICloudFilesObject.m */; };
		784EF01719439573004802DA /* ASICloudFilesObjectRequest.m in Sources */ = {isa = PBXBuildFile; fileRef = 784EEFD119439573004802DA /* ASICloudFilesObjectRequest.m */; };
		784EF01819439573004802DA /* ASICloudFilesRequest.m in Sources */ = {isa = PBXBuildFile; fileRef = 784EEFD319439573004802DA /* ASICloudFilesRequest.m */; };
		784EF01919439573004802DA /* ASIS3Bucket.m in Sources */ = {isa = PBXBuildFile; fileRef = 784EEFD719439573004802DA /* ASIS3Bucket.m */; };
		784EF01A19439573004802DA /* ASIS3BucketObject.m in Sources */ = {isa = PBXBuildFile; fileRef = 784EEFD919439573004802DA /* ASIS3BucketObject.m */; };
		784EF01B19439573004802DA /* ASIS3BucketRequest.m in Sources */ = {isa = PBXBuildFile; fileRef = 784EEFDB19439573004802DA /* ASIS3BucketRequest.m */; };
		784EF01C19439573004802DA /* ASIS3ObjectRequest.m in Sources */ = {isa = PBXBuildFile; fileRef = 784EEFDD19439573004802DA /* ASIS3ObjectRequest.m */; };
		784EF01D19439573004802DA /* ASIS3Request.m in Sources */ = {isa = PBXBuildFile; fileRef = 784EEFDF19439573004802DA /* ASIS3Request.m */; };
		784EF01E19439573004802DA /* ASIS3ServiceRequest.m in Sources */ = {isa = PBXBuildFile; fileRef = 784EEFE119439573004802DA /* ASIS3ServiceRequest.m */; };
		784EF01F19439573004802DA /* ASICloudFilesRequestTests.m in Sources */ = {isa = PBXBuildFile; fileRef = 784EEFE419439573004802DA /* ASICloudFilesRequestTests.m */; };
		784EF02019439573004802DA /* ASIDataCompressorTests.m in Sources */ = {isa = PBXBuildFile; fileRef = 784EEFE619439573004802DA /* ASIDataCompressorTests.m */; };
		784EF02119439573004802DA /* ASIDownloadCacheTests.m in Sources */ = {isa = PBXBuildFile; fileRef = 784EEFE819439573004802DA /* ASIDownloadCacheTests.m */; };
		784EF02219439573004802DA /* ASIFormDataRequestTests.m in Sources */ = {isa = PBXBuildFile; fileRef = 784EEFEA19439573004802DA /* ASIFormDataRequestTests.m */; };
		784EF02319439573004802DA /* ASIHTTPRequestTests.m in Sources */ = {isa = PBXBuildFile; fileRef = 784EEFEC19439573004802DA /* ASIHTTPRequestTests.m */; };
		784EF02419439573004802DA /* ASINetworkQueueTests.m in Sources */ = {isa = PBXBuildFile; fileRef = 784EEFEE19439573004802DA /* ASINetworkQueueTests.m */; };
		784EF02519439573004802DA /* ASIS3RequestTests.m in Sources */ = {isa = PBXBuildFile; fileRef = 784EEFF019439573004802DA /* ASIS3RequestTests.m */; };
		784EF02619439573004802DA /* ASITestCase.m in Sources */ = {isa = PBXBuildFile; fileRef = 784EEFF219439573004802DA /* ASITestCase.m */; };
		784EF02719439573004802DA /* ASIWebPageRequestTests.m in Sources */ = {isa = PBXBuildFile; fileRef = 784EEFF419439573004802DA /* ASIWebPageRequestTests.m */; };
		784EF02819439573004802DA /* BlocksTests.m in Sources */ = {isa = PBXBuildFile; fileRef = 784EEFF619439573004802DA /* BlocksTests.m */; };
		784EF02919439573004802DA /* ClientCertificateTests.m in Sources */ = {isa = PBXBuildFile; fileRef = 784EEFF819439573004802DA /* ClientCertificateTests.m */; };
		784EF02A19439573004802DA /* GHUnitTestMain.m in Sources */ = {isa = PBXBuildFile; fileRef = 784EEFF919439573004802DA /* GHUnitTestMain.m */; };
		784EF02B19439573004802DA /* PerformanceTests.m in Sources */ = {isa = PBXBuildFile; fileRef = 784EEFFB19439573004802DA /* PerformanceTests.m */; };
		784EF02C19439573004802DA /* ProxyTests.m in Sources */ = {isa = PBXBuildFile; fileRef = 784EEFFD19439573004802DA /* ProxyTests.m */; };
		784EF02D19439573004802DA /* StressTests.m in Sources */ = {isa = PBXBuildFile; fileRef = 784EEFFF19439573004802DA /* StressTests.m */; };
		784EF02E19439573004802DA /* README-GHUnit in Resources */ = {isa = PBXBuildFile; fileRef = 784EF00219439573004802DA /* README-GHUnit */; };
		784EF02F19439573004802DA /* Reachability.m in Sources */ = {isa = PBXBuildFile; fileRef = 784EF00519439573004802DA /* Reachability.m */; };
/* End PBXBuildFile section */

/* Begin PBXContainerItemProxy section */
		781FDDEF194350C600D9EC22 /* PBXContainerItemProxy */ = {
			isa = PBXContainerItemProxy;
			containerPortal = 781FDDC7194350C600D9EC22 /* Project object */;
			proxyType = 1;
			remoteGlobalIDString = 781FDDCE194350C600D9EC22;
			remoteInfo = Conundrum;
		};
/* End PBXContainerItemProxy section */

/* Begin PBXFileReference section */
		781FDDCF194350C600D9EC22 /* Conundrum.app */ = {isa = PBXFileReference; explicitFileType = wrapper.application; includeInIndex = 0; path = Conundrum.app; sourceTree = BUILT_PRODUCTS_DIR; };
		781FDDD2194350C600D9EC22 /* Foundation.framework */ = {isa = PBXFileReference; lastKnownFileType = wrapper.framework; name = Foundation.framework; path = System/Library/Frameworks/Foundation.framework; sourceTree = SDKROOT; };
		781FDDD4194350C600D9EC22 /* CoreGraphics.framework */ = {isa = PBXFileReference; lastKnownFileType = wrapper.framework; name = CoreGraphics.framework; path = System/Library/Frameworks/CoreGraphics.framework; sourceTree = SDKROOT; };
		781FDDD6194350C600D9EC22 /* UIKit.framework */ = {isa = PBXFileReference; lastKnownFileType = wrapper.framework; name = UIKit.framework; path = System/Library/Frameworks/UIKit.framework; sourceTree = SDKROOT; };
		781FDDDA194350C600D9EC22 /* Conundrum-Info.plist */ = {isa = PBXFileReference; lastKnownFileType = text.plist.xml; path = "Conundrum-Info.plist"; sourceTree = "<group>"; };
		781FDDDC194350C600D9EC22 /* en */ = {isa = PBXFileReference; lastKnownFileType = text.plist.strings; name = en; path = en.lproj/InfoPlist.strings; sourceTree = "<group>"; };
		781FDDDE194350C600D9EC22 /* main.m */ = {isa = PBXFileReference; lastKnownFileType = sourcecode.c.objc; path = main.m; sourceTree = "<group>"; };
		781FDDE0194350C600D9EC22 /* Conundrum-Prefix.pch */ = {isa = PBXFileReference; lastKnownFileType = sourcecode.c.h; path = "Conundrum-Prefix.pch"; sourceTree = "<group>"; };
		781FDDE1194350C600D9EC22 /* AppDelegate.h */ = {isa = PBXFileReference; lastKnownFileType = sourcecode.c.h; path = AppDelegate.h; sourceTree = "<group>"; };
		781FDDE2194350C600D9EC22 /* AppDelegate.m */ = {isa = PBXFileReference; lastKnownFileType = sourcecode.c.objc; path = AppDelegate.m; sourceTree = "<group>"; };
		781FDDE4194350C600D9EC22 /* Images.xcassets */ = {isa = PBXFileReference; lastKnownFileType = folder.assetcatalog; path = Images.xcassets; sourceTree = "<group>"; };
		781FDDEA194350C600D9EC22 /* ConundrumTests.xctest */ = {isa = PBXFileReference; explicitFileType = wrapper.cfbundle; includeInIndex = 0; path = ConundrumTests.xctest; sourceTree = BUILT_PRODUCTS_DIR; };
		781FDDEB194350C600D9EC22 /* XCTest.framework */ = {isa = PBXFileReference; lastKnownFileType = wrapper.framework; name = XCTest.framework; path = Library/Frameworks/XCTest.framework; sourceTree = DEVELOPER_DIR; };
		781FDDF3194350C600D9EC22 /* ConundrumTests-Info.plist */ = {isa = PBXFileReference; lastKnownFileType = text.plist.xml; path = "ConundrumTests-Info.plist"; sourceTree = "<group>"; };
		781FDDF5194350C600D9EC22 /* en */ = {isa = PBXFileReference; lastKnownFileType = text.plist.strings; name = en; path = en.lproj/InfoPlist.strings; sourceTree = "<group>"; };
		781FDDF7194350C600D9EC22 /* ConundrumTests.m */ = {isa = PBXFileReference; lastKnownFileType = sourcecode.c.objc; path = ConundrumTests.m; sourceTree = "<group>"; };
		781FDE01194355B200D9EC22 /* Parse.framework */ = {isa = PBXFileReference; lastKnownFileType = wrapper.framework; path = Parse.framework; sourceTree = "<group>"; };
		781FDE03194355D200D9EC22 /* AudioToolbox.framework */ = {isa = PBXFileReference; lastKnownFileType = wrapper.framework; name = AudioToolbox.framework; path = System/Library/Frameworks/AudioToolbox.framework; sourceTree = SDKROOT; };
		781FDE05194355DC00D9EC22 /* CFNetwork.framework */ = {isa = PBXFileReference; lastKnownFileType = wrapper.framework; name = CFNetwork.framework; path = System/Library/Frameworks/CFNetwork.framework; sourceTree = SDKROOT; };
		781FDE07194355F200D9EC22 /* CoreLocation.framework */ = {isa = PBXFileReference; lastKnownFileType = wrapper.framework; name = CoreLocation.framework; path = System/Library/Frameworks/CoreLocation.framework; sourceTree = SDKROOT; };
		781FDE091943560100D9EC22 /* libz.dylib */ = {isa = PBXFileReference; lastKnownFileType = "compiled.mach-o.dylib"; name = libz.dylib; path = usr/lib/libz.dylib; sourceTree = SDKROOT; };
		781FDE0B1943560C00D9EC22 /* MobileCoreServices.framework */ = {isa = PBXFileReference; lastKnownFileType = wrapper.framework; name = MobileCoreServices.framework; path = System/Library/Frameworks/MobileCoreServices.framework; sourceTree = SDKROOT; };
		781FDE0D1943561800D9EC22 /* QuartzCore.framework */ = {isa = PBXFileReference; lastKnownFileType = wrapper.framework; name = QuartzCore.framework; path = System/Library/Frameworks/QuartzCore.framework; sourceTree = SDKROOT; };
		781FDE0F1943562100D9EC22 /* Security.framework */ = {isa = PBXFileReference; lastKnownFileType = wrapper.framework; name = Security.framework; path = System/Library/Frameworks/Security.framework; sourceTree = SDKROOT; };
		781FDE111943562E00D9EC22 /* StoreKit.framework */ = {isa = PBXFileReference; lastKnownFileType = wrapper.framework; name = StoreKit.framework; path = System/Library/Frameworks/StoreKit.framework; sourceTree = SDKROOT; };
		781FDE131943563800D9EC22 /* SystemConfiguration.framework */ = {isa = PBXFileReference; lastKnownFileType = wrapper.framework; name = SystemConfiguration.framework; path = System/Library/Frameworks/SystemConfiguration.framework; sourceTree = SDKROOT; };
		781FDE151943575100D9EC22 /* LoginViewController.h */ = {isa = PBXFileReference; fileEncoding = 4; lastKnownFileType = sourcecode.c.h; path = LoginViewController.h; sourceTree = "<group>"; };
		781FDE161943575100D9EC22 /* LoginViewController.m */ = {isa = PBXFileReference; fileEncoding = 4; lastKnownFileType = sourcecode.c.objc; path = LoginViewController.m; sourceTree = "<group>"; };
		781FDE1C194358B800D9EC22 /* Conundrum.storyboard */ = {isa = PBXFileReference; fileEncoding = 4; lastKnownFileType = file.storyboard; path = Conundrum.storyboard; sourceTree = "<group>"; };
		784EEFAA19439573004802DA /* fetch_ios_ghunit.rb */ = {isa = PBXFileReference; fileEncoding = 4; lastKnownFileType = text.script.ruby; path = fetch_ios_ghunit.rb; sourceTree = "<group>"; };
		784EEFAB19439573004802DA /* fetch_mac_ghunit.rb */ = {isa = PBXFileReference; fileEncoding = 4; lastKnownFileType = text.script.ruby; path = fetch_mac_ghunit.rb; sourceTree = "<group>"; };
		784EEFAC19439573004802DA /* set_version_number.rb */ = {isa = PBXFileReference; fileEncoding = 4; lastKnownFileType = text.script.ruby; path = set_version_number.rb; sourceTree = "<group>"; };
		784EEFAE19439573004802DA /* ASIAuthenticationDialog.h */ = {isa = PBXFileReference; fileEncoding = 4; lastKnownFileType = sourcecode.c.h; path = ASIAuthenticationDialog.h; sourceTree = "<group>"; };
		784EEFAF19439573004802DA /* ASIAuthenticationDialog.m */ = {isa = PBXFileReference; fileEncoding = 4; lastKnownFileType = sourcecode.c.objc; path = ASIAuthenticationDialog.m; sourceTree = "<group>"; };
		784EEFB019439573004802DA /* ASICacheDelegate.h */ = {isa = PBXFileReference; fileEncoding = 4; lastKnownFileType = sourcecode.c.h; path = ASICacheDelegate.h; sourceTree = "<group>"; };
		784EEFB119439573004802DA /* ASIDataCompressor.h */ = {isa = PBXFileReference; fileEncoding = 4; lastKnownFileType = sourcecode.c.h; path = ASIDataCompressor.h; sourceTree = "<group>"; };
		784EEFB219439573004802DA /* ASIDataCompressor.m */ = {isa = PBXFileReference; fileEncoding = 4; lastKnownFileType = sourcecode.c.objc; path = ASIDataCompressor.m; sourceTree = "<group>"; };
		784EEFB319439573004802DA /* ASIDataDecompressor.h */ = {isa = PBXFileReference; fileEncoding = 4; lastKnownFileType = sourcecode.c.h; path = ASIDataDecompressor.h; sourceTree = "<group>"; };
		784EEFB419439573004802DA /* ASIDataDecompressor.m */ = {isa = PBXFileReference; fileEncoding = 4; lastKnownFileType = sourcecode.c.objc; path = ASIDataDecompressor.m; sourceTree = "<group>"; };
		784EEFB519439573004802DA /* ASIDownloadCache.h */ = {isa = PBXFileReference; fileEncoding = 4; lastKnownFileType = sourcecode.c.h; path = ASIDownloadCache.h; sourceTree = "<group>"; };
		784EEFB619439573004802DA /* ASIDownloadCache.m */ = {isa = PBXFileReference; fileEncoding = 4; lastKnownFileType = sourcecode.c.objc; path = ASIDownloadCache.m; sourceTree = "<group>"; };
		784EEFB719439573004802DA /* ASIFormDataRequest.h */ = {isa = PBXFileReference; fileEncoding = 4; lastKnownFileType = sourcecode.c.h; path = ASIFormDataRequest.h; sourceTree = "<group>"; };
		784EEFB819439573004802DA /* ASIFormDataRequest.m */ = {isa = PBXFileReference; fileEncoding = 4; lastKnownFileType = sourcecode.c.objc; path = ASIFormDataRequest.m; sourceTree = "<group>"; };
		784EEFB919439573004802DA /* ASIHTTPRequest.h */ = {isa = PBXFileReference; fileEncoding = 4; lastKnownFileType = sourcecode.c.h; path = ASIHTTPRequest.h; sourceTree = "<group>"; };
		784EEFBA19439573004802DA /* ASIHTTPRequest.m */ = {isa = PBXFileReference; fileEncoding = 4; lastKnownFileType = sourcecode.c.objc; path = ASIHTTPRequest.m; sourceTree = "<group>"; };
		784EEFBB19439573004802DA /* ASIHTTPRequestConfig.h */ = {isa = PBXFileReference; fileEncoding = 4; lastKnownFileType = sourcecode.c.h; path = ASIHTTPRequestConfig.h; sourceTree = "<group>"; };
		784EEFBC19439573004802DA /* ASIHTTPRequestDelegate.h */ = {isa = PBXFileReference; fileEncoding = 4; lastKnownFileType = sourcecode.c.h; path = ASIHTTPRequestDelegate.h; sourceTree = "<group>"; };
		784EEFBD19439573004802DA /* ASIInputStream.h */ = {isa = PBXFileReference; fileEncoding = 4; lastKnownFileType = sourcecode.c.h; path = ASIInputStream.h; sourceTree = "<group>"; };
		784EEFBE19439573004802DA /* ASIInputStream.m */ = {isa = PBXFileReference; fileEncoding = 4; lastKnownFileType = sourcecode.c.objc; path = ASIInputStream.m; sourceTree = "<group>"; };
		784EEFBF19439573004802DA /* ASINetworkQueue.h */ = {isa = PBXFileReference; fileEncoding = 4; lastKnownFileType = sourcecode.c.h; path = ASINetworkQueue.h; sourceTree = "<group>"; };
		784EEFC019439573004802DA /* ASINetworkQueue.m */ = {isa = PBXFileReference; fileEncoding = 4; lastKnownFileType = sourcecode.c.objc; path = ASINetworkQueue.m; sourceTree = "<group>"; };
		784EEFC119439573004802DA /* ASIProgressDelegate.h */ = {isa = PBXFileReference; fileEncoding = 4; lastKnownFileType = sourcecode.c.h; path = ASIProgressDelegate.h; sourceTree = "<group>"; };
		784EEFC319439573004802DA /* ASIWebPageRequest.h */ = {isa = PBXFileReference; fileEncoding = 4; lastKnownFileType = sourcecode.c.h; path = ASIWebPageRequest.h; sourceTree = "<group>"; };
		784EEFC419439573004802DA /* ASIWebPageRequest.m */ = {isa = PBXFileReference; fileEncoding = 4; lastKnownFileType = sourcecode.c.objc; path = ASIWebPageRequest.m; sourceTree = "<group>"; };
		784EEFC619439573004802DA /* ASICloudFilesCDNRequest.h */ = {isa = PBXFileReference; fileEncoding = 4; lastKnownFileType = sourcecode.c.h; path = ASICloudFilesCDNRequest.h; sourceTree = "<group>"; };
		784EEFC719439573004802DA /* ASICloudFilesCDNRequest.m */ = {isa = PBXFileReference; fileEncoding = 4; lastKnownFileType = sourcecode.c.objc; path = ASICloudFilesCDNRequest.m; sourceTree = "<group>"; };
		784EEFC819439573004802DA /* ASICloudFilesContainer.h */ = {isa = PBXFileReference; fileEncoding = 4; lastKnownFileType = sourcecode.c.h; path = ASICloudFilesContainer.h; sourceTree = "<group>"; };
		784EEFC919439573004802DA /* ASICloudFilesContainer.m */ = {isa = PBXFileReference; fileEncoding = 4; lastKnownFileType = sourcecode.c.objc; path = ASICloudFilesContainer.m; sourceTree = "<group>"; };
		784EEFCA19439573004802DA /* ASICloudFilesContainerRequest.h */ = {isa = PBXFileReference; fileEncoding = 4; lastKnownFileType = sourcecode.c.h; path = ASICloudFilesContainerRequest.h; sourceTree = "<group>"; };
		784EEFCB19439573004802DA /* ASICloudFilesContainerRequest.m */ = {isa = PBXFileReference; fileEncoding = 4; lastKnownFileType = sourcecode.c.objc; path = ASICloudFilesContainerRequest.m; sourceTree = "<group>"; };
		784EEFCC19439573004802DA /* ASICloudFilesContainerXMLParserDelegate.h */ = {isa = PBXFileReference; fileEncoding = 4; lastKnownFileType = sourcecode.c.h; path = ASICloudFilesContainerXMLParserDelegate.h; sourceTree = "<group>"; };
		784EEFCD19439573004802DA /* ASICloudFilesContainerXMLParserDelegate.m */ = {isa = PBXFileReference; fileEncoding = 4; lastKnownFileType = sourcecode.c.objc; path = ASICloudFilesContainerXMLParserDelegate.m; sourceTree = "<group>"; };
		784EEFCE19439573004802DA /* ASICloudFilesObject.h */ = {isa = PBXFileReference; fileEncoding = 4; lastKnownFileType = sourcecode.c.h; path = ASICloudFilesObject.h; sourceTree = "<group>"; };
		784EEFCF19439573004802DA /* ASICloudFilesObject.m */ = {isa = PBXFileReference; fileEncoding = 4; lastKnownFileType = sourcecode.c.objc; path = ASICloudFilesObject.m; sourceTree = "<group>"; };
		784EEFD019439573004802DA /* ASICloudFilesObjectRequest.h */ = {isa = PBXFileReference; fileEncoding = 4; lastKnownFileType = sourcecode.c.h; path = ASICloudFilesObjectRequest.h; sourceTree = "<group>"; };
		784EEFD119439573004802DA /* ASICloudFilesObjectRequest.m */ = {isa = PBXFileReference; fileEncoding = 4; lastKnownFileType = sourcecode.c.objc; path = ASICloudFilesObjectRequest.m; sourceTree = "<group>"; };
		784EEFD219439573004802DA /* ASICloudFilesRequest.h */ = {isa = PBXFileReference; fileEncoding = 4; lastKnownFileType = sourcecode.c.h; path = ASICloudFilesRequest.h; sourceTree = "<group>"; };
		784EEFD319439573004802DA /* ASICloudFilesRequest.m */ = {isa = PBXFileReference; fileEncoding = 4; lastKnownFileType = sourcecode.c.objc; path = ASICloudFilesRequest.m; sourceTree = "<group>"; };
		784EEFD519439573004802DA /* ASINSXMLParserCompat.h */ = {isa = PBXFileReference; fileEncoding = 4; lastKnownFileType = sourcecode.c.h; path = ASINSXMLParserCompat.h; sourceTree = "<group>"; };
		784EEFD619439573004802DA /* ASIS3Bucket.h */ = {isa = PBXFileReference; fileEncoding = 4; lastKnownFileType = sourcecode.c.h; path = ASIS3Bucket.h; sourceTree = "<group>"; };
		784EEFD719439573004802DA /* ASIS3Bucket.m */ = {isa = PBXFileReference; fileEncoding = 4; lastKnownFileType = sourcecode.c.objc; path = ASIS3Bucket.m; sourceTree = "<group>"; };
		784EEFD819439573004802DA /* ASIS3BucketObject.h */ = {isa = PBXFileReference; fileEncoding = 4; lastKnownFileType = sourcecode.c.h; path = ASIS3BucketObject.h; sourceTree = "<group>"; };
		784EEFD919439573004802DA /* ASIS3BucketObject.m */ = {isa = PBXFileReference; fileEncoding = 4; lastKnownFileType = sourcecode.c.objc; path = ASIS3BucketObject.m; sourceTree = "<group>"; };
		784EEFDA19439573004802DA /* ASIS3BucketRequest.h */ = {isa = PBXFileReference; fileEncoding = 4; lastKnownFileType = sourcecode.c.h; path = ASIS3BucketRequest.h; sourceTree = "<group>"; };
		784EEFDB19439573004802DA /* ASIS3BucketRequest.m */ = {isa = PBXFileReference; fileEncoding = 4; lastKnownFileType = sourcecode.c.objc; path = ASIS3BucketRequest.m; sourceTree = "<group>"; };
		784EEFDC19439573004802DA /* ASIS3ObjectRequest.h */ = {isa = PBXFileReference; fileEncoding = 4; lastKnownFileType = sourcecode.c.h; path = ASIS3ObjectRequest.h; sourceTree = "<group>"; };
		784EEFDD19439573004802DA /* ASIS3ObjectRequest.m */ = {isa = PBXFileReference; fileEncoding = 4; lastKnownFileType = sourcecode.c.objc; path = ASIS3ObjectRequest.m; sourceTree = "<group>"; };
		784EEFDE19439573004802DA /* ASIS3Request.h */ = {isa = PBXFileReference; fileEncoding = 4; lastKnownFileType = sourcecode.c.h; path = ASIS3Request.h; sourceTree = "<group>"; };
		784EEFDF19439573004802DA /* ASIS3Request.m */ = {isa = PBXFileReference; fileEncoding = 4; lastKnownFileType = sourcecode.c.objc; path = ASIS3Request.m; sourceTree = "<group>"; };
		784EEFE019439573004802DA /* ASIS3ServiceRequest.h */ = {isa = PBXFileReference; fileEncoding = 4; lastKnownFileType = sourcecode.c.h; path = ASIS3ServiceRequest.h; sourceTree = "<group>"; };
		784EEFE119439573004802DA /* ASIS3ServiceRequest.m */ = {isa = PBXFileReference; fileEncoding = 4; lastKnownFileType = sourcecode.c.objc; path = ASIS3ServiceRequest.m; sourceTree = "<group>"; };
		784EEFE319439573004802DA /* ASICloudFilesRequestTests.h */ = {isa = PBXFileReference; fileEncoding = 4; lastKnownFileType = sourcecode.c.h; path = ASICloudFilesRequestTests.h; sourceTree = "<group>"; };
		784EEFE419439573004802DA /* ASICloudFilesRequestTests.m */ = {isa = PBXFileReference; fileEncoding = 4; lastKnownFileType = sourcecode.c.objc; path = ASICloudFilesRequestTests.m; sourceTree = "<group>"; };
		784EEFE519439573004802DA /* ASIDataCompressorTests.h */ = {isa = PBXFileReference; fileEncoding = 4; lastKnownFileType = sourcecode.c.h; path = ASIDataCompressorTests.h; sourceTree = "<group>"; };
		784EEFE619439573004802DA /* ASIDataCompressorTests.m */ = {isa = PBXFileReference; fileEncoding = 4; lastKnownFileType = sourcecode.c.objc; path = ASIDataCompressorTests.m; sourceTree = "<group>"; };
		784EEFE719439573004802DA /* ASIDownloadCacheTests.h */ = {isa = PBXFileReference; fileEncoding = 4; lastKnownFileType = sourcecode.c.h; path = ASIDownloadCacheTests.h; sourceTree = "<group>"; };
		784EEFE819439573004802DA /* ASIDownloadCacheTests.m */ = {isa = PBXFileReference; fileEncoding = 4; lastKnownFileType = sourcecode.c.objc; path = ASIDownloadCacheTests.m; sourceTree = "<group>"; };
		784EEFE919439573004802DA /* ASIFormDataRequestTests.h */ = {isa = PBXFileReference; fileEncoding = 4; lastKnownFileType = sourcecode.c.h; path = ASIFormDataRequestTests.h; sourceTree = "<group>"; };
		784EEFEA19439573004802DA /* ASIFormDataRequestTests.m */ = {isa = PBXFileReference; fileEncoding = 4; lastKnownFileType = sourcecode.c.objc; path = ASIFormDataRequestTests.m; sourceTree = "<group>"; };
		784EEFEB19439573004802DA /* ASIHTTPRequestTests.h */ = {isa = PBXFileReference; fileEncoding = 4; lastKnownFileType = sourcecode.c.h; path = ASIHTTPRequestTests.h; sourceTree = "<group>"; };
		784EEFEC19439573004802DA /* ASIHTTPRequestTests.m */ = {isa = PBXFileReference; fileEncoding = 4; lastKnownFileType = sourcecode.c.objc; path = ASIHTTPRequestTests.m; sourceTree = "<group>"; };
		784EEFED19439573004802DA /* ASINetworkQueueTests.h */ = {isa = PBXFileReference; fileEncoding = 4; lastKnownFileType = sourcecode.c.h; path = ASINetworkQueueTests.h; sourceTree = "<group>"; };
		784EEFEE19439573004802DA /* ASINetworkQueueTests.m */ = {isa = PBXFileReference; fileEncoding = 4; lastKnownFileType = sourcecode.c.objc; path = ASINetworkQueueTests.m; sourceTree = "<group>"; };
		784EEFEF19439573004802DA /* ASIS3RequestTests.h */ = {isa = PBXFileReference; fileEncoding = 4; lastKnownFileType = sourcecode.c.h; path = ASIS3RequestTests.h; sourceTree = "<group>"; };
		784EEFF019439573004802DA /* ASIS3RequestTests.m */ = {isa = PBXFileReference; fileEncoding = 4; lastKnownFileType = sourcecode.c.objc; path = ASIS3RequestTests.m; sourceTree = "<group>"; };
		784EEFF119439573004802DA /* ASITestCase.h */ = {isa = PBXFileReference; fileEncoding = 4; lastKnownFileType = sourcecode.c.h; path = ASITestCase.h; sourceTree = "<group>"; };
		784EEFF219439573004802DA /* ASITestCase.m */ = {isa = PBXFileReference; fileEncoding = 4; lastKnownFileType = sourcecode.c.objc; path = ASITestCase.m; sourceTree = "<group>"; };
		784EEFF319439573004802DA /* ASIWebPageRequestTests.h */ = {isa = PBXFileReference; fileEncoding = 4; lastKnownFileType = sourcecode.c.h; path = ASIWebPageRequestTests.h; sourceTree = "<group>"; };
		784EEFF419439573004802DA /* ASIWebPageRequestTests.m */ = {isa = PBXFileReference; fileEncoding = 4; lastKnownFileType = sourcecode.c.objc; path = ASIWebPageRequestTests.m; sourceTree = "<group>"; };
		784EEFF519439573004802DA /* BlocksTests.h */ = {isa = PBXFileReference; fileEncoding = 4; lastKnownFileType = sourcecode.c.h; path = BlocksTests.h; sourceTree = "<group>"; };
		784EEFF619439573004802DA /* BlocksTests.m */ = {isa = PBXFileReference; fileEncoding = 4; lastKnownFileType = sourcecode.c.objc; path = BlocksTests.m; sourceTree = "<group>"; };
		784EEFF719439573004802DA /* ClientCertificateTests.h */ = {isa = PBXFileReference; fileEncoding = 4; lastKnownFileType = sourcecode.c.h; path = ClientCertificateTests.h; sourceTree = "<group>"; };
		784EEFF819439573004802DA /* ClientCertificateTests.m */ = {isa = PBXFileReference; fileEncoding = 4; lastKnownFileType = sourcecode.c.objc; path = ClientCertificateTests.m; sourceTree = "<group>"; };
		784EEFF919439573004802DA /* GHUnitTestMain.m */ = {isa = PBXFileReference; fileEncoding = 4; lastKnownFileType = sourcecode.c.objc; path = GHUnitTestMain.m; sourceTree = "<group>"; };
		784EEFFA19439573004802DA /* PerformanceTests.h */ = {isa = PBXFileReference; fileEncoding = 4; lastKnownFileType = sourcecode.c.h; path = PerformanceTests.h; sourceTree = "<group>"; };
		784EEFFB19439573004802DA /* PerformanceTests.m */ = {isa = PBXFileReference; fileEncoding = 4; lastKnownFileType = sourcecode.c.objc; path = PerformanceTests.m; sourceTree = "<group>"; };
		784EEFFC19439573004802DA /* ProxyTests.h */ = {isa = PBXFileReference; fileEncoding = 4; lastKnownFileType = sourcecode.c.h; path = ProxyTests.h; sourceTree = "<group>"; };
		784EEFFD19439573004802DA /* ProxyTests.m */ = {isa = PBXFileReference; fileEncoding = 4; lastKnownFileType = sourcecode.c.objc; path = ProxyTests.m; sourceTree = "<group>"; };
		784EEFFE19439573004802DA /* StressTests.h */ = {isa = PBXFileReference; fileEncoding = 4; lastKnownFileType = sourcecode.c.h; path = StressTests.h; sourceTree = "<group>"; };
		784EEFFF19439573004802DA /* StressTests.m */ = {isa = PBXFileReference; fileEncoding = 4; lastKnownFileType = sourcecode.c.objc; path = StressTests.m; sourceTree = "<group>"; };
		784EF00219439573004802DA /* README-GHUnit */ = {isa = PBXFileReference; fileEncoding = 4; lastKnownFileType = text; path = "README-GHUnit"; sourceTree = "<group>"; };
		784EF00419439573004802DA /* Reachability.h */ = {isa = PBXFileReference; fileEncoding = 4; lastKnownFileType = sourcecode.c.h; path = Reachability.h; sourceTree = "<group>"; };
		784EF00519439573004802DA /* Reachability.m */ = {isa = PBXFileReference; fileEncoding = 4; lastKnownFileType = sourcecode.c.objc; path = Reachability.m; sourceTree = "<group>"; };
/* End PBXFileReference section */

/* Begin PBXFrameworksBuildPhase section */
		781FDDCC194350C600D9EC22 /* Frameworks */ = {
			isa = PBXFrameworksBuildPhase;
			buildActionMask = 2147483647;
			files = (
				781FDE0A1943560100D9EC22 /* libz.dylib in Frameworks */,
				781FDDD5194350C600D9EC22 /* CoreGraphics.framework in Frameworks */,
				781FDE0C1943560C00D9EC22 /* MobileCoreServices.framework in Frameworks */,
				781FDE141943563800D9EC22 /* SystemConfiguration.framework in Frameworks */,
				781FDE06194355DC00D9EC22 /* CFNetwork.framework in Frameworks */,
				781FDE121943562E00D9EC22 /* StoreKit.framework in Frameworks */,
				781FDE101943562100D9EC22 /* Security.framework in Frameworks */,
				781FDE0E1943561800D9EC22 /* QuartzCore.framework in Frameworks */,
				781FDE08194355F200D9EC22 /* CoreLocation.framework in Frameworks */,
				781FDE04194355D200D9EC22 /* AudioToolbox.framework in Frameworks */,
				781FDDD7194350C600D9EC22 /* UIKit.framework in Frameworks */,
				781FDE02194355B200D9EC22 /* Parse.framework in Frameworks */,
				781FDDD3194350C600D9EC22 /* Foundation.framework in Frameworks */,
			);
			runOnlyForDeploymentPostprocessing = 0;
		};
		781FDDE7194350C600D9EC22 /* Frameworks */ = {
			isa = PBXFrameworksBuildPhase;
			buildActionMask = 2147483647;
			files = (
				781FDDEC194350C600D9EC22 /* XCTest.framework in Frameworks */,
				781FDDEE194350C600D9EC22 /* UIKit.framework in Frameworks */,
				781FDDED194350C600D9EC22 /* Foundation.framework in Frameworks */,
			);
			runOnlyForDeploymentPostprocessing = 0;
		};
/* End PBXFrameworksBuildPhase section */

/* Begin PBXGroup section */
		781FDDC6194350C600D9EC22 = {
			isa = PBXGroup;
			children = (
				781FDDD8194350C600D9EC22 /* Conundrum */,
				781FDDF1194350C600D9EC22 /* ConundrumTests */,
				781FDDD1194350C600D9EC22 /* Frameworks */,
				781FDDD0194350C600D9EC22 /* Products */,
			);
			sourceTree = "<group>";
		};
		781FDDD0194350C600D9EC22 /* Products */ = {
			isa = PBXGroup;
			children = (
				781FDDCF194350C600D9EC22 /* Conundrum.app */,
				781FDDEA194350C600D9EC22 /* ConundrumTests.xctest */,
			);
			name = Products;
			sourceTree = "<group>";
		};
		781FDDD1194350C600D9EC22 /* Frameworks */ = {
			isa = PBXGroup;
			children = (
				781FDE131943563800D9EC22 /* SystemConfiguration.framework */,
				781FDE111943562E00D9EC22 /* StoreKit.framework */,
				781FDE0F1943562100D9EC22 /* Security.framework */,
				781FDE0D1943561800D9EC22 /* QuartzCore.framework */,
				781FDE0B1943560C00D9EC22 /* MobileCoreServices.framework */,
				781FDE091943560100D9EC22 /* libz.dylib */,
				781FDE07194355F200D9EC22 /* CoreLocation.framework */,
				781FDE05194355DC00D9EC22 /* CFNetwork.framework */,
				781FDE03194355D200D9EC22 /* AudioToolbox.framework */,
				781FDE01194355B200D9EC22 /* Parse.framework */,
				781FDDD2194350C600D9EC22 /* Foundation.framework */,
				781FDDD4194350C600D9EC22 /* CoreGraphics.framework */,
				781FDDD6194350C600D9EC22 /* UIKit.framework */,
				781FDDEB194350C600D9EC22 /* XCTest.framework */,
			);
			name = Frameworks;
			sourceTree = "<group>";
		};
		781FDDD8194350C600D9EC22 /* Conundrum */ = {
			isa = PBXGroup;
			children = (
				784EEFA919439573004802DA /* Build Scripts */,
				784EEFAD19439573004802DA /* Classes */,
				784EF00019439573004802DA /* External */,
				781FDDE1194350C600D9EC22 /* AppDelegate.h */,
				781FDDE2194350C600D9EC22 /* AppDelegate.m */,
				781FDE151943575100D9EC22 /* LoginViewController.h */,
				781FDE161943575100D9EC22 /* LoginViewController.m */,
				781FDDE4194350C600D9EC22 /* Images.xcassets */,
				781FDDD9194350C600D9EC22 /* Supporting Files */,
				781FDE1C194358B800D9EC22 /* Conundrum.storyboard */,
			);
			path = Conundrum;
			sourceTree = "<group>";
		};
		781FDDD9194350C600D9EC22 /* Supporting Files */ = {
			isa = PBXGroup;
			children = (
				781FDDDA194350C600D9EC22 /* Conundrum-Info.plist */,
				781FDDDB194350C600D9EC22 /* InfoPlist.strings */,
				781FDDDE194350C600D9EC22 /* main.m */,
				781FDDE0194350C600D9EC22 /* Conundrum-Prefix.pch */,
			);
			name = "Supporting Files";
			sourceTree = "<group>";
		};
		781FDDF1194350C600D9EC22 /* ConundrumTests */ = {
			isa = PBXGroup;
			children = (
				781FDDF7194350C600D9EC22 /* ConundrumTests.m */,
				781FDDF2194350C600D9EC22 /* Supporting Files */,
			);
			path = ConundrumTests;
			sourceTree = "<group>";
		};
		781FDDF2194350C600D9EC22 /* Supporting Files */ = {
			isa = PBXGroup;
			children = (
				781FDDF3194350C600D9EC22 /* ConundrumTests-Info.plist */,
				781FDDF4194350C600D9EC22 /* InfoPlist.strings */,
			);
			name = "Supporting Files";
			sourceTree = "<group>";
		};
		784EEFA919439573004802DA /* Build Scripts */ = {
			isa = PBXGroup;
			children = (
				784EEFAA19439573004802DA /* fetch_ios_ghunit.rb */,
				784EEFAB19439573004802DA /* fetch_mac_ghunit.rb */,
				784EEFAC19439573004802DA /* set_version_number.rb */,
			);
			path = "Build Scripts";
			sourceTree = "<group>";
		};
		784EEFAD19439573004802DA /* Classes */ = {
			isa = PBXGroup;
			children = (
				784EEFAE19439573004802DA /* ASIAuthenticationDialog.h */,
				784EEFAF19439573004802DA /* ASIAuthenticationDialog.m */,
				784EEFB019439573004802DA /* ASICacheDelegate.h */,
				784EEFB119439573004802DA /* ASIDataCompressor.h */,
				784EEFB219439573004802DA /* ASIDataCompressor.m */,
				784EEFB319439573004802DA /* ASIDataDecompressor.h */,
				784EEFB419439573004802DA /* ASIDataDecompressor.m */,
				784EEFB519439573004802DA /* ASIDownloadCache.h */,
				784EEFB619439573004802DA /* ASIDownloadCache.m */,
				784EEFB719439573004802DA /* ASIFormDataRequest.h */,
				784EEFB819439573004802DA /* ASIFormDataRequest.m */,
				784EEFB919439573004802DA /* ASIHTTPRequest.h */,
				784EEFBA19439573004802DA /* ASIHTTPRequest.m */,
				784EEFBB19439573004802DA /* ASIHTTPRequestConfig.h */,
				784EEFBC19439573004802DA /* ASIHTTPRequestDelegate.h */,
				784EEFBD19439573004802DA /* ASIInputStream.h */,
				784EEFBE19439573004802DA /* ASIInputStream.m */,
				784EEFBF19439573004802DA /* ASINetworkQueue.h */,
				784EEFC019439573004802DA /* ASINetworkQueue.m */,
				784EEFC119439573004802DA /* ASIProgressDelegate.h */,
				784EEFC219439573004802DA /* ASIWebPageRequest */,
				784EEFC519439573004802DA /* CloudFiles */,
				784EEFD419439573004802DA /* S3 */,
				784EEFE219439573004802DA /* Tests */,
			);
			path = Classes;
			sourceTree = "<group>";
		};
		784EEFC219439573004802DA /* ASIWebPageRequest */ = {
			isa = PBXGroup;
			children = (
				784EEFC319439573004802DA /* ASIWebPageRequest.h */,
				784EEFC419439573004802DA /* ASIWebPageRequest.m */,
			);
			path = ASIWebPageRequest;
			sourceTree = "<group>";
		};
		784EEFC519439573004802DA /* CloudFiles */ = {
			isa = PBXGroup;
			children = (
				784EEFC619439573004802DA /* ASICloudFilesCDNRequest.h */,
				784EEFC719439573004802DA /* ASICloudFilesCDNRequest.m */,
				784EEFC819439573004802DA /* ASICloudFilesContainer.h */,
				784EEFC919439573004802DA /* ASICloudFilesContainer.m */,
				784EEFCA19439573004802DA /* ASICloudFilesContainerRequest.h */,
				784EEFCB19439573004802DA /* ASICloudFilesContainerRequest.m */,
				784EEFCC19439573004802DA /* ASICloudFilesContainerXMLParserDelegate.h */,
				784EEFCD19439573004802DA /* ASICloudFilesContainerXMLParserDelegate.m */,
				784EEFCE19439573004802DA /* ASICloudFilesObject.h */,
				784EEFCF19439573004802DA /* ASICloudFilesObject.m */,
				784EEFD019439573004802DA /* ASICloudFilesObjectRequest.h */,
				784EEFD119439573004802DA /* ASICloudFilesObjectRequest.m */,
				784EEFD219439573004802DA /* ASICloudFilesRequest.h */,
				784EEFD319439573004802DA /* ASICloudFilesRequest.m */,
			);
			path = CloudFiles;
			sourceTree = "<group>";
		};
		784EEFD419439573004802DA /* S3 */ = {
			isa = PBXGroup;
			children = (
				784EEFD519439573004802DA /* ASINSXMLParserCompat.h */,
				784EEFD619439573004802DA /* ASIS3Bucket.h */,
				784EEFD719439573004802DA /* ASIS3Bucket.m */,
				784EEFD819439573004802DA /* ASIS3BucketObject.h */,
				784EEFD919439573004802DA /* ASIS3BucketObject.m */,
				784EEFDA19439573004802DA /* ASIS3BucketRequest.h */,
				784EEFDB19439573004802DA /* ASIS3BucketRequest.m */,
				784EEFDC19439573004802DA /* ASIS3ObjectRequest.h */,
				784EEFDD19439573004802DA /* ASIS3ObjectRequest.m */,
				784EEFDE19439573004802DA /* ASIS3Request.h */,
				784EEFDF19439573004802DA /* ASIS3Request.m */,
				784EEFE019439573004802DA /* ASIS3ServiceRequest.h */,
				784EEFE119439573004802DA /* ASIS3ServiceRequest.m */,
			);
			path = S3;
			sourceTree = "<group>";
		};
		784EEFE219439573004802DA /* Tests */ = {
			isa = PBXGroup;
			children = (
				784EEFE319439573004802DA /* ASICloudFilesRequestTests.h */,
				784EEFE419439573004802DA /* ASICloudFilesRequestTests.m */,
				784EEFE519439573004802DA /* ASIDataCompressorTests.h */,
				784EEFE619439573004802DA /* ASIDataCompressorTests.m */,
				784EEFE719439573004802DA /* ASIDownloadCacheTests.h */,
				784EEFE819439573004802DA /* ASIDownloadCacheTests.m */,
				784EEFE919439573004802DA /* ASIFormDataRequestTests.h */,
				784EEFEA19439573004802DA /* ASIFormDataRequestTests.m */,
				784EEFEB19439573004802DA /* ASIHTTPRequestTests.h */,
				784EEFEC19439573004802DA /* ASIHTTPRequestTests.m */,
				784EEFED19439573004802DA /* ASINetworkQueueTests.h */,
				784EEFEE19439573004802DA /* ASINetworkQueueTests.m */,
				784EEFEF19439573004802DA /* ASIS3RequestTests.h */,
				784EEFF019439573004802DA /* ASIS3RequestTests.m */,
				784EEFF119439573004802DA /* ASITestCase.h */,
				784EEFF219439573004802DA /* ASITestCase.m */,
				784EEFF319439573004802DA /* ASIWebPageRequestTests.h */,
				784EEFF419439573004802DA /* ASIWebPageRequestTests.m */,
				784EEFF519439573004802DA /* BlocksTests.h */,
				784EEFF619439573004802DA /* BlocksTests.m */,
				784EEFF719439573004802DA /* ClientCertificateTests.h */,
				784EEFF819439573004802DA /* ClientCertificateTests.m */,
				784EEFF919439573004802DA /* GHUnitTestMain.m */,
				784EEFFA19439573004802DA /* PerformanceTests.h */,
				784EEFFB19439573004802DA /* PerformanceTests.m */,
				784EEFFC19439573004802DA /* ProxyTests.h */,
				784EEFFD19439573004802DA /* ProxyTests.m */,
				784EEFFE19439573004802DA /* StressTests.h */,
				784EEFFF19439573004802DA /* StressTests.m */,
			);
			path = Tests;
			sourceTree = "<group>";
		};
		784EF00019439573004802DA /* External */ = {
			isa = PBXGroup;
			children = (
				784EF00119439573004802DA /* GHUnit */,
				784EF00319439573004802DA /* Reachability */,
			);
			path = External;
			sourceTree = "<group>";
		};
		784EF00119439573004802DA /* GHUnit */ = {
			isa = PBXGroup;
			children = (
				784EF00219439573004802DA /* README-GHUnit */,
			);
			path = GHUnit;
			sourceTree = "<group>";
		};
		784EF00319439573004802DA /* Reachability */ = {
			isa = PBXGroup;
			children = (
				784EF00419439573004802DA /* Reachability.h */,
				784EF00519439573004802DA /* Reachability.m */,
			);
			path = Reachability;
			sourceTree = "<group>";
		};
/* End PBXGroup section */

/* Begin PBXNativeTarget section */
		781FDDCE194350C600D9EC22 /* Conundrum */ = {
			isa = PBXNativeTarget;
			buildConfigurationList = 781FDDFB194350C600D9EC22 /* Build configuration list for PBXNativeTarget "Conundrum" */;
			buildPhases = (
				781FDDCB194350C600D9EC22 /* Sources */,
				781FDDCC194350C600D9EC22 /* Frameworks */,
				781FDDCD194350C600D9EC22 /* Resources */,
			);
			buildRules = (
			);
			dependencies = (
			);
			name = Conundrum;
			productName = Conundrum;
			productReference = 781FDDCF194350C600D9EC22 /* Conundrum.app */;
			productType = "com.apple.product-type.application";
		};
		781FDDE9194350C600D9EC22 /* ConundrumTests */ = {
			isa = PBXNativeTarget;
			buildConfigurationList = 781FDDFE194350C600D9EC22 /* Build configuration list for PBXNativeTarget "ConundrumTests" */;
			buildPhases = (
				781FDDE6194350C600D9EC22 /* Sources */,
				781FDDE7194350C600D9EC22 /* Frameworks */,
				781FDDE8194350C600D9EC22 /* Resources */,
			);
			buildRules = (
			);
			dependencies = (
				781FDDF0194350C600D9EC22 /* PBXTargetDependency */,
			);
			name = ConundrumTests;
			productName = ConundrumTests;
			productReference = 781FDDEA194350C600D9EC22 /* ConundrumTests.xctest */;
			productType = "com.apple.product-type.bundle.unit-test";
		};
/* End PBXNativeTarget section */

/* Begin PBXProject section */
		781FDDC7194350C600D9EC22 /* Project object */ = {
			isa = PBXProject;
			attributes = {
				LastUpgradeCheck = 0510;
				ORGANIZATIONNAME = BUILDS;
				TargetAttributes = {
					781FDDE9194350C600D9EC22 = {
						TestTargetID = 781FDDCE194350C600D9EC22;
					};
				};
			};
			buildConfigurationList = 781FDDCA194350C600D9EC22 /* Build configuration list for PBXProject "Conundrum" */;
			compatibilityVersion = "Xcode 3.2";
			developmentRegion = English;
			hasScannedForEncodings = 0;
			knownRegions = (
				en,
			);
			mainGroup = 781FDDC6194350C600D9EC22;
			productRefGroup = 781FDDD0194350C600D9EC22 /* Products */;
			projectDirPath = "";
			projectRoot = "";
			targets = (
				781FDDCE194350C600D9EC22 /* Conundrum */,
				781FDDE9194350C600D9EC22 /* ConundrumTests */,
			);
		};
/* End PBXProject section */

/* Begin PBXResourcesBuildPhase section */
		781FDDCD194350C600D9EC22 /* Resources */ = {
			isa = PBXResourcesBuildPhase;
			buildActionMask = 2147483647;
			files = (
				781FDDDD194350C600D9EC22 /* InfoPlist.strings in Resources */,
				784EF02E19439573004802DA /* README-GHUnit in Resources */,
				781FDDE5194350C600D9EC22 /* Images.xcassets in Resources */,
				781FDE1D194358B800D9EC22 /* Conundrum.storyboard in Resources */,
				784EF00719439573004802DA /* fetch_mac_ghunit.rb in Resources */,
				784EF00819439573004802DA /* set_version_number.rb in Resources */,
				784EF00619439573004802DA /* fetch_ios_ghunit.rb in Resources */,
			);
			runOnlyForDeploymentPostprocessing = 0;
		};
		781FDDE8194350C600D9EC22 /* Resources */ = {
			isa = PBXResourcesBuildPhase;
			buildActionMask = 2147483647;
			files = (
				781FDDF6194350C600D9EC22 /* InfoPlist.strings in Resources */,
			);
			runOnlyForDeploymentPostprocessing = 0;
		};
/* End PBXResourcesBuildPhase section */

/* Begin PBXSourcesBuildPhase section */
		781FDDCB194350C600D9EC22 /* Sources */ = {
			isa = PBXSourcesBuildPhase;
			buildActionMask = 2147483647;
			files = (
				784EF00A19439573004802DA /* ASIDataCompressor.m in Sources */,
				781FDDE3194350C600D9EC22 /* AppDelegate.m in Sources */,
				784EF01E19439573004802DA /* ASIS3ServiceRequest.m in Sources */,
				784EF00E19439573004802DA /* ASIHTTPRequest.m in Sources */,
				784EF02B19439573004802DA /* PerformanceTests.m in Sources */,
				784EF01C19439573004802DA /* ASIS3ObjectRequest.m in Sources */,
				784EF00919439573004802DA /* ASIAuthenticationDialog.m in Sources */,
				784EF02819439573004802DA /* BlocksTests.m in Sources */,
				784EF02119439573004802DA /* ASIDownloadCacheTests.m in Sources */,
				784EF01D19439573004802DA /* ASIS3Request.m in Sources */,
				784EF01219439573004802DA /* ASICloudFilesCDNRequest.m in Sources */,
				784EF02419439573004802DA /* ASINetworkQueueTests.m in Sources */,
				784EF00D19439573004802DA /* ASIFormDataRequest.m in Sources */,
				784EF02919439573004802DA /* ClientCertificateTests.m in Sources */,
				781FDDDF194350C600D9EC22 /* main.m in Sources */,
				784EF01B19439573004802DA /* ASIS3BucketRequest.m in Sources */,
				784EF02519439573004802DA /* ASIS3RequestTests.m in Sources */,
				784EF02219439573004802DA /* ASIFormDataRequestTests.m in Sources */,
				784EF02719439573004802DA /* ASIWebPageRequestTests.m in Sources */,
				784EF02C19439573004802DA /* ProxyTests.m in Sources */,
				784EF01519439573004802DA /* ASICloudFilesContainerXMLParserDelegate.m in Sources */,
				784EF01419439573004802DA /* ASICloudFilesContainerRequest.m in Sources */,
				784EF02319439573004802DA /* ASIHTTPRequestTests.m in Sources */,
				784EF02D19439573004802DA /* StressTests.m in Sources */,
				784EF02619439573004802DA /* ASITestCase.m in Sources */,
				784EF00F19439573004802DA /* ASIInputStream.m in Sources */,
				784EF01819439573004802DA /* ASICloudFilesRequest.m in Sources */,
				784EF01F19439573004802DA /* ASICloudFilesRequestTests.m in Sources */,
				784EF01119439573004802DA /* ASIWebPageRequest.m in Sources */,
				784EF01319439573004802DA /* ASICloudFilesContainer.m in Sources */,
				784EF01719439573004802DA /* ASICloudFilesObjectRequest.m in Sources */,
				781FDE171943575100D9EC22 /* LoginViewController.m in Sources */,
				784EF01019439573004802DA /* ASINetworkQueue.m in Sources */,
				784EF01A19439573004802DA /* ASIS3BucketObject.m in Sources */,
				784EF00B19439573004802DA /* ASIDataDecompressor.m in Sources */,
				784EF02019439573004802DA /* ASIDataCompressorTests.m in Sources */,
				784EF01919439573004802DA /* ASIS3Bucket.m in Sources */,
				784EF01619439573004802DA /* ASICloudFilesObject.m in Sources */,
				784EF00C19439573004802DA /* ASIDownloadCache.m in Sources */,
				784EF02F19439573004802DA /* Reachability.m in Sources */,
				784EF02A19439573004802DA /* GHUnitTestMain.m in Sources */,
			);
			runOnlyForDeploymentPostprocessing = 0;
		};
		781FDDE6194350C600D9EC22 /* Sources */ = {
			isa = PBXSourcesBuildPhase;
			buildActionMask = 2147483647;
			files = (
				781FDDF8194350C600D9EC22 /* ConundrumTests.m in Sources */,
			);
			runOnlyForDeploymentPostprocessing = 0;
		};
/* End PBXSourcesBuildPhase section */

/* Begin PBXTargetDependency section */
		781FDDF0194350C600D9EC22 /* PBXTargetDependency */ = {
			isa = PBXTargetDependency;
			target = 781FDDCE194350C600D9EC22 /* Conundrum */;
			targetProxy = 781FDDEF194350C600D9EC22 /* PBXContainerItemProxy */;
		};
/* End PBXTargetDependency section */

/* Begin PBXVariantGroup section */
		781FDDDB194350C600D9EC22 /* InfoPlist.strings */ = {
			isa = PBXVariantGroup;
			children = (
				781FDDDC194350C600D9EC22 /* en */,
			);
			name = InfoPlist.strings;
			sourceTree = "<group>";
		};
		781FDDF4194350C600D9EC22 /* InfoPlist.strings */ = {
			isa = PBXVariantGroup;
			children = (
				781FDDF5194350C600D9EC22 /* en */,
			);
			name = InfoPlist.strings;
			sourceTree = "<group>";
		};
/* End PBXVariantGroup section */

/* Begin XCBuildConfiguration section */
		781FDDF9194350C600D9EC22 /* Debug */ = {
			isa = XCBuildConfiguration;
			buildSettings = {
				ALWAYS_SEARCH_USER_PATHS = NO;
				CLANG_CXX_LANGUAGE_STANDARD = "gnu++0x";
				CLANG_CXX_LIBRARY = "libc++";
				CLANG_ENABLE_MODULES = YES;
				CLANG_ENABLE_OBJC_ARC = YES;
				CLANG_WARN_BOOL_CONVERSION = YES;
				CLANG_WARN_CONSTANT_CONVERSION = YES;
				CLANG_WARN_DIRECT_OBJC_ISA_USAGE = YES_ERROR;
				CLANG_WARN_EMPTY_BODY = YES;
				CLANG_WARN_ENUM_CONVERSION = YES;
				CLANG_WARN_INT_CONVERSION = YES;
				CLANG_WARN_OBJC_ROOT_CLASS = YES_ERROR;
				CLANG_WARN__DUPLICATE_METHOD_MATCH = YES;
				"CODE_SIGN_IDENTITY[sdk=iphoneos*]" = "iPhone Developer";
				COPY_PHASE_STRIP = NO;
				GCC_C_LANGUAGE_STANDARD = gnu99;
				GCC_DYNAMIC_NO_PIC = NO;
				GCC_OPTIMIZATION_LEVEL = 0;
				GCC_PREPROCESSOR_DEFINITIONS = (
					"DEBUG=1",
					"$(inherited)",
				);
				GCC_SYMBOLS_PRIVATE_EXTERN = NO;
				GCC_WARN_64_TO_32_BIT_CONVERSION = YES;
				GCC_WARN_ABOUT_RETURN_TYPE = YES_ERROR;
				GCC_WARN_UNDECLARED_SELECTOR = YES;
				GCC_WARN_UNINITIALIZED_AUTOS = YES_AGGRESSIVE;
				GCC_WARN_UNUSED_FUNCTION = YES;
				GCC_WARN_UNUSED_VARIABLE = YES;
				IPHONEOS_DEPLOYMENT_TARGET = 7.1;
				ONLY_ACTIVE_ARCH = YES;
				SDKROOT = iphoneos;
				TARGETED_DEVICE_FAMILY = "1,2";
			};
			name = Debug;
		};
		781FDDFA194350C600D9EC22 /* Release */ = {
			isa = XCBuildConfiguration;
			buildSettings = {
				ALWAYS_SEARCH_USER_PATHS = NO;
				CLANG_CXX_LANGUAGE_STANDARD = "gnu++0x";
				CLANG_CXX_LIBRARY = "libc++";
				CLANG_ENABLE_MODULES = YES;
				CLANG_ENABLE_OBJC_ARC = YES;
				CLANG_WARN_BOOL_CONVERSION = YES;
				CLANG_WARN_CONSTANT_CONVERSION = YES;
				CLANG_WARN_DIRECT_OBJC_ISA_USAGE = YES_ERROR;
				CLANG_WARN_EMPTY_BODY = YES;
				CLANG_WARN_ENUM_CONVERSION = YES;
				CLANG_WARN_INT_CONVERSION = YES;
				CLANG_WARN_OBJC_ROOT_CLASS = YES_ERROR;
				CLANG_WARN__DUPLICATE_METHOD_MATCH = YES;
				"CODE_SIGN_IDENTITY[sdk=iphoneos*]" = "iPhone Developer";
				COPY_PHASE_STRIP = YES;
				ENABLE_NS_ASSERTIONS = NO;
				GCC_C_LANGUAGE_STANDARD = gnu99;
				GCC_WARN_64_TO_32_BIT_CONVERSION = YES;
				GCC_WARN_ABOUT_RETURN_TYPE = YES_ERROR;
				GCC_WARN_UNDECLARED_SELECTOR = YES;
				GCC_WARN_UNINITIALIZED_AUTOS = YES_AGGRESSIVE;
				GCC_WARN_UNUSED_FUNCTION = YES;
				GCC_WARN_UNUSED_VARIABLE = YES;
				IPHONEOS_DEPLOYMENT_TARGET = 7.1;
				SDKROOT = iphoneos;
				TARGETED_DEVICE_FAMILY = "1,2";
				VALIDATE_PRODUCT = YES;
			};
			name = Release;
		};
		781FDDFC194350C600D9EC22 /* Debug */ = {
			isa = XCBuildConfiguration;
			buildSettings = {
				ASSETCATALOG_COMPILER_APPICON_NAME = AppIcon;
				ASSETCATALOG_COMPILER_LAUNCHIMAGE_NAME = LaunchImage;
				FRAMEWORK_SEARCH_PATHS = (
					"$(inherited)",
					"$(PROJECT_DIR)",
				);
				GCC_PRECOMPILE_PREFIX_HEADER = YES;
				GCC_PREFIX_HEADER = "Conundrum/Conundrum-Prefix.pch";
				INFOPLIST_FILE = "Conundrum/Conundrum-Info.plist";
				PRODUCT_NAME = "$(TARGET_NAME)";
				WRAPPER_EXTENSION = app;
			};
			name = Debug;
		};
		781FDDFD194350C600D9EC22 /* Release */ = {
			isa = XCBuildConfiguration;
			buildSettings = {
				ASSETCATALOG_COMPILER_APPICON_NAME = AppIcon;
				ASSETCATALOG_COMPILER_LAUNCHIMAGE_NAME = LaunchImage;
				FRAMEWORK_SEARCH_PATHS = (
					"$(inherited)",
					"$(PROJECT_DIR)",
				);
				GCC_PRECOMPILE_PREFIX_HEADER = YES;
				GCC_PREFIX_HEADER = "Conundrum/Conundrum-Prefix.pch";
				INFOPLIST_FILE = "Conundrum/Conundrum-Info.plist";
				PRODUCT_NAME = "$(TARGET_NAME)";
				WRAPPER_EXTENSION = app;
			};
			name = Release;
		};
		781FDDFF194350C600D9EC22 /* Debug */ = {
			isa = XCBuildConfiguration;
			buildSettings = {
				BUNDLE_LOADER = "$(BUILT_PRODUCTS_DIR)/Conundrum.app/Conundrum";
				FRAMEWORK_SEARCH_PATHS = (
					"$(SDKROOT)/Developer/Library/Frameworks",
					"$(inherited)",
					"$(DEVELOPER_FRAMEWORKS_DIR)",
				);
				GCC_PRECOMPILE_PREFIX_HEADER = YES;
				GCC_PREFIX_HEADER = "Conundrum/Conundrum-Prefix.pch";
				GCC_PREPROCESSOR_DEFINITIONS = (
					"DEBUG=1",
					"$(inherited)",
				);
				INFOPLIST_FILE = "ConundrumTests/ConundrumTests-Info.plist";
				PRODUCT_NAME = "$(TARGET_NAME)";
				TEST_HOST = "$(BUNDLE_LOADER)";
				WRAPPER_EXTENSION = xctest;
			};
			name = Debug;
		};
		781FDE00194350C600D9EC22 /* Release */ = {
			isa = XCBuildConfiguration;
			buildSettings = {
				BUNDLE_LOADER = "$(BUILT_PRODUCTS_DIR)/Conundrum.app/Conundrum";
				FRAMEWORK_SEARCH_PATHS = (
					"$(SDKROOT)/Developer/Library/Frameworks",
					"$(inherited)",
					"$(DEVELOPER_FRAMEWORKS_DIR)",
				);
				GCC_PRECOMPILE_PREFIX_HEADER = YES;
				GCC_PREFIX_HEADER = "Conundrum/Conundrum-Prefix.pch";
				INFOPLIST_FILE = "ConundrumTests/ConundrumTests-Info.plist";
				PRODUCT_NAME = "$(TARGET_NAME)";
				TEST_HOST = "$(BUNDLE_LOADER)";
				WRAPPER_EXTENSION = xctest;
			};
			name = Release;
		};
/* End XCBuildConfiguration section */

/* Begin XCConfigurationList section */
		781FDDCA194350C600D9EC22 /* Build configuration list for PBXProject "Conundrum" */ = {
			isa = XCConfigurationList;
			buildConfigurations = (
				781FDDF9194350C600D9EC22 /* Debug */,
				781FDDFA194350C600D9EC22 /* Release */,
			);
			defaultConfigurationIsVisible = 0;
			defaultConfigurationName = Release;
		};
		781FDDFB194350C600D9EC22 /* Build configuration list for PBXNativeTarget "Conundrum" */ = {
			isa = XCConfigurationList;
			buildConfigurations = (
				781FDDFC194350C600D9EC22 /* Debug */,
				781FDDFD194350C600D9EC22 /* Release */,
			);
			defaultConfigurationIsVisible = 0;
			defaultConfigurationName = Release;
		};
		781FDDFE194350C600D9EC22 /* Build configuration list for PBXNativeTarget "ConundrumTests" */ = {
			isa = XCConfigurationList;
			buildConfigurations = (
				781FDDFF194350C600D9EC22 /* Debug */,
				781FDE00194350C600D9EC22 /* Release */,
			);
			defaultConfigurationIsVisible = 0;
			defaultConfigurationName = Release;
		};
/* End XCConfigurationList section */
	};
	rootObject = 781FDDC7194350C600D9EC22 /* Project object */;
}
